// !$*UTF8*$!
{
	archiveVersion = 1;
	classes = {
	};
	objectVersion = 50;
	objects = {

/* Begin PBXBuildFile section */
		CC0A710E20C94F8900571A00 /* SecondViewController.swift in Sources */ = {isa = PBXBuildFile; fileRef = CC0A710D20C94F8900571A00 /* SecondViewController.swift */; };
		CC2975A420C90B0800AF1FBE /* AppDelegate.swift in Sources */ = {isa = PBXBuildFile; fileRef = CC2975A320C90B0800AF1FBE /* AppDelegate.swift */; };
		CC2975A620C90B0800AF1FBE /* ViewController.swift in Sources */ = {isa = PBXBuildFile; fileRef = CC2975A520C90B0800AF1FBE /* ViewController.swift */; };
		CC2975A920C90B0800AF1FBE /* Main.storyboard in Resources */ = {isa = PBXBuildFile; fileRef = CC2975A720C90B0800AF1FBE /* Main.storyboard */; };
		CC2975AB20C90B0900AF1FBE /* Assets.xcassets in Resources */ = {isa = PBXBuildFile; fileRef = CC2975AA20C90B0900AF1FBE /* Assets.xcassets */; };
		CC2975AE20C90B0900AF1FBE /* LaunchScreen.storyboard in Resources */ = {isa = PBXBuildFile; fileRef = CC2975AC20C90B0900AF1FBE /* LaunchScreen.storyboard */; };
		CC2975B620C90B5400AF1FBE /* TextViewController.swift in Sources */ = {isa = PBXBuildFile; fileRef = CC2975B520C90B5400AF1FBE /* TextViewController.swift */; };
		CC2975B820C90B9400AF1FBE /* LogController.swift in Sources */ = {isa = PBXBuildFile; fileRef = CC2975B720C90B9400AF1FBE /* LogController.swift */; };
		CC2975BA20C90BF900AF1FBE /* ButtonController.swift in Sources */ = {isa = PBXBuildFile; fileRef = CC2975B920C90BF900AF1FBE /* ButtonController.swift */; };
/* End PBXBuildFile section */

/* Begin PBXFileReference section */
		CC0A710D20C94F8900571A00 /* SecondViewController.swift */ = {isa = PBXFileReference; lastKnownFileType = sourcecode.swift; path = SecondViewController.swift; sourceTree = "<group>"; };
		CC2975A020C90B0800AF1FBE /* Login.app */ = {isa = PBXFileReference; explicitFileType = wrapper.application; includeInIndex = 0; path = Login.app; sourceTree = BUILT_PRODUCTS_DIR; };
		CC2975A320C90B0800AF1FBE /* AppDelegate.swift */ = {isa = PBXFileReference; lastKnownFileType = sourcecode.swift; path = AppDelegate.swift; sourceTree = "<group>"; };
		CC2975A520C90B0800AF1FBE /* ViewController.swift */ = {isa = PBXFileReference; lastKnownFileType = sourcecode.swift; path = ViewController.swift; sourceTree = "<group>"; };
		CC2975A820C90B0800AF1FBE /* Base */ = {isa = PBXFileReference; lastKnownFileType = file.storyboard; name = Base; path = Base.lproj/Main.storyboard; sourceTree = "<group>"; };
		CC2975AA20C90B0900AF1FBE /* Assets.xcassets */ = {isa = PBXFileReference; lastKnownFileType = folder.assetcatalog; path = Assets.xcassets; sourceTree = "<group>"; };
		CC2975AD20C90B0900AF1FBE /* Base */ = {isa = PBXFileReference; lastKnownFileType = file.storyboard; name = Base; path = Base.lproj/LaunchScreen.storyboard; sourceTree = "<group>"; };
		CC2975AF20C90B0900AF1FBE /* Info.plist */ = {isa = PBXFileReference; lastKnownFileType = text.plist.xml; path = Info.plist; sourceTree = "<group>"; };
		CC2975B520C90B5400AF1FBE /* TextViewController.swift */ = {isa = PBXFileReference; lastKnownFileType = sourcecode.swift; path = TextViewController.swift; sourceTree = "<group>"; };
		CC2975B720C90B9400AF1FBE /* LogController.swift */ = {isa = PBXFileReference; lastKnownFileType = sourcecode.swift; path = LogController.swift; sourceTree = "<group>"; };
		CC2975B920C90BF900AF1FBE /* ButtonController.swift */ = {isa = PBXFileReference; lastKnownFileType = sourcecode.swift; path = ButtonController.swift; sourceTree = "<group>"; };
/* End PBXFileReference section */

/* Begin PBXFrameworksBuildPhase section */
		CC29759D20C90B0800AF1FBE /* Frameworks */ = {
			isa = PBXFrameworksBuildPhase;
			buildActionMask = 2147483647;
			files = (
			);
			runOnlyForDeploymentPostprocessing = 0;
		};
/* End PBXFrameworksBuildPhase section */

/* Begin PBXGroup section */
		CC29759720C90B0800AF1FBE = {
			isa = PBXGroup;
			children = (
				CC2975A220C90B0800AF1FBE /* Login */,
				CC2975A120C90B0800AF1FBE /* Products */,
			);
			sourceTree = "<group>";
		};
		CC2975A120C90B0800AF1FBE /* Products */ = {
			isa = PBXGroup;
			children = (
				CC2975A020C90B0800AF1FBE /* Login.app */,
			);
			name = Products;
			sourceTree = "<group>";
		};
		CC2975A220C90B0800AF1FBE /* Login */ = {
			isa = PBXGroup;
			children = (
				CC2975A320C90B0800AF1FBE /* AppDelegate.swift */,
				CC2975A520C90B0800AF1FBE /* ViewController.swift */,
				CC0A710D20C94F8900571A00 /* SecondViewController.swift */,
				CC2975B920C90BF900AF1FBE /* ButtonController.swift */,
				CC2975B520C90B5400AF1FBE /* TextViewController.swift */,
				CC2975B720C90B9400AF1FBE /* LogController.swift */,
				CC2975A720C90B0800AF1FBE /* Main.storyboard */,
				CC2975AA20C90B0900AF1FBE /* Assets.xcassets */,
				CC2975AC20C90B0900AF1FBE /* LaunchScreen.storyboard */,
				CC2975AF20C90B0900AF1FBE /* Info.plist */,
			);
			path = Login;
			sourceTree = "<group>";
		};
/* End PBXGroup section */

/* Begin PBXNativeTarget section */
		CC29759F20C90B0800AF1FBE /* Login */ = {
			isa = PBXNativeTarget;
			buildConfigurationList = CC2975B220C90B0900AF1FBE /* Build configuration list for PBXNativeTarget "Login" */;
			buildPhases = (
				CC29759C20C90B0800AF1FBE /* Sources */,
				CC29759D20C90B0800AF1FBE /* Frameworks */,
				CC29759E20C90B0800AF1FBE /* Resources */,
			);
			buildRules = (
			);
			dependencies = (
			);
			name = Login;
			productName = Login;
			productReference = CC2975A020C90B0800AF1FBE /* Login.app */;
			productType = "com.apple.product-type.application";
		};
/* End PBXNativeTarget section */

/* Begin PBXProject section */
		CC29759820C90B0800AF1FBE /* Project object */ = {
			isa = PBXProject;
			attributes = {
				KnownAssetTags = (
					LOGO,
				);
				LastSwiftUpdateCheck = 0940;
				LastUpgradeCheck = 0940;
				ORGANIZATIONNAME = "김민웅";
				TargetAttributes = {
					CC29759F20C90B0800AF1FBE = {
						CreatedOnToolsVersion = 9.4;
					};
				};
			};
			buildConfigurationList = CC29759B20C90B0800AF1FBE /* Build configuration list for PBXProject "Login" */;
			compatibilityVersion = "Xcode 9.3";
			developmentRegion = en;
			hasScannedForEncodings = 0;
			knownRegions = (
				en,
				Base,
			);
			mainGroup = CC29759720C90B0800AF1FBE;
			productRefGroup = CC2975A120C90B0800AF1FBE /* Products */;
			projectDirPath = "";
			projectRoot = "";
			targets = (
				CC29759F20C90B0800AF1FBE /* Login */,
			);
		};
/* End PBXProject section */

/* Begin PBXResourcesBuildPhase section */
		CC29759E20C90B0800AF1FBE /* Resources */ = {
			isa = PBXResourcesBuildPhase;
			buildActionMask = 2147483647;
			files = (
				CC2975AE20C90B0900AF1FBE /* LaunchScreen.storyboard in Resources */,
				CC2975AB20C90B0900AF1FBE /* Assets.xcassets in Resources */,
				CC2975A920C90B0800AF1FBE /* Main.storyboard in Resources */,
			);
			runOnlyForDeploymentPostprocessing = 0;
		};
/* End PBXResourcesBuildPhase section */

/* Begin PBXSourcesBuildPhase section */
		CC29759C20C90B0800AF1FBE /* Sources */ = {
			isa = PBXSourcesBuildPhase;
			buildActionMask = 2147483647;
			files = (
				CC0A710E20C94F8900571A00 /* SecondViewController.swift in Sources */,
				CC2975B820C90B9400AF1FBE /* LogController.swift in Sources */,
				CC2975A620C90B0800AF1FBE /* ViewController.swift in Sources */,
				CC2975BA20C90BF900AF1FBE /* ButtonController.swift in Sources */,
				CC2975A420C90B0800AF1FBE /* AppDelegate.swift in Sources */,
				CC2975B620C90B5400AF1FBE /* TextViewController.swift in Sources */,
			);
			runOnlyForDeploymentPostprocessing = 0;
		};
/* End PBXSourcesBuildPhase section */

/* Begin PBXVariantGroup section */
		CC2975A720C90B0800AF1FBE /* Main.storyboard */ = {
			isa = PBXVariantGroup;
			children = (
				CC2975A820C90B0800AF1FBE /* Base */,
			);
			name = Main.storyboard;
			sourceTree = "<group>";
		};
		CC2975AC20C90B0900AF1FBE /* LaunchScreen.storyboard */ = {
			isa = PBXVariantGroup;
			children = (
				CC2975AD20C90B0900AF1FBE /* Base */,
			);
			name = LaunchScreen.storyboard;
			sourceTree = "<group>";
		};
/* End PBXVariantGroup section */

/* Begin XCBuildConfiguration section */
		CC2975B020C90B0900AF1FBE /* Debug */ = {
			isa = XCBuildConfiguration;
			buildSettings = {
				ALWAYS_SEARCH_USER_PATHS = NO;
				CLANG_ANALYZER_NONNULL = YES;
				CLANG_ANALYZER_NUMBER_OBJECT_CONVERSION = YES_AGGRESSIVE;
				CLANG_CXX_LANGUAGE_STANDARD = "gnu++14";
				CLANG_CXX_LIBRARY = "libc++";
				CLANG_ENABLE_MODULES = YES;
				CLANG_ENABLE_OBJC_ARC = YES;
				CLANG_ENABLE_OBJC_WEAK = YES;
				CLANG_WARN_BLOCK_CAPTURE_AUTORELEASING = YES;
				CLANG_WARN_BOOL_CONVERSION = YES;
				CLANG_WARN_COMMA = YES;
				CLANG_WARN_CONSTANT_CONVERSION = YES;
				CLANG_WARN_DEPRECATED_OBJC_IMPLEMENTATIONS = YES;
				CLANG_WARN_DIRECT_OBJC_ISA_USAGE = YES_ERROR;
				CLANG_WARN_DOCUMENTATION_COMMENTS = YES;
				CLANG_WARN_EMPTY_BODY = YES;
				CLANG_WARN_ENUM_CONVERSION = YES;
				CLANG_WARN_INFINITE_RECURSION = YES;
				CLANG_WARN_INT_CONVERSION = YES;
				CLANG_WARN_NON_LITERAL_NULL_CONVERSION = YES;
				CLANG_WARN_OBJC_IMPLICIT_RETAIN_SELF = YES;
				CLANG_WARN_OBJC_LITERAL_CONVERSION = YES;
				CLANG_WARN_OBJC_ROOT_CLASS = YES_ERROR;
				CLANG_WARN_RANGE_LOOP_ANALYSIS = YES;
				CLANG_WARN_STRICT_PROTOTYPES = YES;
				CLANG_WARN_SUSPICIOUS_MOVE = YES;
				CLANG_WARN_UNGUARDED_AVAILABILITY = YES_AGGRESSIVE;
				CLANG_WARN_UNREACHABLE_CODE = YES;
				CLANG_WARN__DUPLICATE_METHOD_MATCH = YES;
				CODE_SIGN_IDENTITY = "iPhone Developer";
				COPY_PHASE_STRIP = NO;
				DEBUG_INFORMATION_FORMAT = dwarf;
				ENABLE_STRICT_OBJC_MSGSEND = YES;
				ENABLE_TESTABILITY = YES;
				GCC_C_LANGUAGE_STANDARD = gnu11;
				GCC_DYNAMIC_NO_PIC = NO;
				GCC_NO_COMMON_BLOCKS = YES;
				GCC_OPTIMIZATION_LEVEL = 0;
				GCC_PREPROCESSOR_DEFINITIONS = (
					"DEBUG=1",
					"$(inherited)",
				);
				GCC_WARN_64_TO_32_BIT_CONVERSION = YES;
				GCC_WARN_ABOUT_RETURN_TYPE = YES_ERROR;
				GCC_WARN_UNDECLARED_SELECTOR = YES;
				GCC_WARN_UNINITIALIZED_AUTOS = YES_AGGRESSIVE;
				GCC_WARN_UNUSED_FUNCTION = YES;
				GCC_WARN_UNUSED_VARIABLE = YES;
				IPHONEOS_DEPLOYMENT_TARGET = 11.4;
				MTL_ENABLE_DEBUG_INFO = YES;
				ONLY_ACTIVE_ARCH = YES;
				SDKROOT = iphoneos;
				SWIFT_ACTIVE_COMPILATION_CONDITIONS = DEBUG;
				SWIFT_OPTIMIZATION_LEVEL = "-Onone";
			};
			name = Debug;
		};
		CC2975B120C90B0900AF1FBE /* Release */ = {
			isa = XCBuildConfiguration;
			buildSettings = {
				ALWAYS_SEARCH_USER_PATHS = NO;
				CLANG_ANALYZER_NONNULL = YES;
				CLANG_ANALYZER_NUMBER_OBJECT_CONVERSION = YES_AGGRESSIVE;
				CLANG_CXX_LANGUAGE_STANDARD = "gnu++14";
				CLANG_CXX_LIBRARY = "libc++";
				CLANG_ENABLE_MODULES = YES;
				CLANG_ENABLE_OBJC_ARC = YES;
				CLANG_ENABLE_OBJC_WEAK = YES;
				CLANG_WARN_BLOCK_CAPTURE_AUTORELEASING = YES;
				CLANG_WARN_BOOL_CONVERSION = YES;
				CLANG_WARN_COMMA = YES;
				CLANG_WARN_CONSTANT_CONVERSION = YES;
				CLANG_WARN_DEPRECATED_OBJC_IMPLEMENTATIONS = YES;
				CLANG_WARN_DIRECT_OBJC_ISA_USAGE = YES_ERROR;
				CLANG_WARN_DOCUMENTATION_COMMENTS = YES;
				CLANG_WARN_EMPTY_BODY = YES;
				CLANG_WARN_ENUM_CONVERSION = YES;
				CLANG_WARN_INFINITE_RECURSION = YES;
				CLANG_WARN_INT_CONVERSION = YES;
				CLANG_WARN_NON_LITERAL_NULL_CONVERSION = YES;
				CLANG_WARN_OBJC_IMPLICIT_RETAIN_SELF = YES;
				CLANG_WARN_OBJC_LITERAL_CONVERSION = YES;
				CLANG_WARN_OBJC_ROOT_CLASS = YES_ERROR;
				CLANG_WARN_RANGE_LOOP_ANALYSIS = YES;
				CLANG_WARN_STRICT_PROTOTYPES = YES;
				CLANG_WARN_SUSPICIOUS_MOVE = YES;
				CLANG_WARN_UNGUARDED_AVAILABILITY = YES_AGGRESSIVE;
				CLANG_WARN_UNREACHABLE_CODE = YES;
				CLANG_WARN__DUPLICATE_METHOD_MATCH = YES;
				CODE_SIGN_IDENTITY = "iPhone Developer";
				COPY_PHASE_STRIP = NO;
				DEBUG_INFORMATION_FORMAT = "dwarf-with-dsym";
				ENABLE_NS_ASSERTIONS = NO;
				ENABLE_STRICT_OBJC_MSGSEND = YES;
				GCC_C_LANGUAGE_STANDARD = gnu11;
				GCC_NO_COMMON_BLOCKS = YES;
				GCC_WARN_64_TO_32_BIT_CONVERSION = YES;
				GCC_WARN_ABOUT_RETURN_TYPE = YES_ERROR;
				GCC_WARN_UNDECLARED_SELECTOR = YES;
				GCC_WARN_UNINITIALIZED_AUTOS = YES_AGGRESSIVE;
				GCC_WARN_UNUSED_FUNCTION = YES;
				GCC_WARN_UNUSED_VARIABLE = YES;
				IPHONEOS_DEPLOYMENT_TARGET = 11.4;
				MTL_ENABLE_DEBUG_INFO = NO;
				SDKROOT = iphoneos;
				SWIFT_COMPILATION_MODE = wholemodule;
				SWIFT_OPTIMIZATION_LEVEL = "-O";
				VALIDATE_PRODUCT = YES;
			};
			name = Release;
		};
		CC2975B320C90B0900AF1FBE /* Debug */ = {
			isa = XCBuildConfiguration;
			buildSettings = {
				ASSETCATALOG_COMPILER_APPICON_NAME = AppIcon;
				CODE_SIGN_STYLE = Automatic;
				DEVELOPMENT_TEAM = 5Z8G42AVKD;
				INFOPLIST_FILE = Login/Info.plist;
				LD_RUNPATH_SEARCH_PATHS = (
					"$(inherited)",
					"@executable_path/Frameworks",
				);
				PRODUCT_BUNDLE_IDENTIFIER = kr.kimminung.Login;
				PRODUCT_NAME = "$(TARGET_NAME)";
				SWIFT_VERSION = 4.0;
				TARGETED_DEVICE_FAMILY = "1,2";
			};
			name = Debug;
		};
		CC2975B420C90B0900AF1FBE /* Release */ = {
			isa = XCBuildConfiguration;
			buildSettings = {
				ASSETCATALOG_COMPILER_APPICON_NAME = AppIcon;
				CODE_SIGN_STYLE = Automatic;
				DEVELOPMENT_TEAM = 5Z8G42AVKD;
				INFOPLIST_FILE = Login/Info.plist;
				LD_RUNPATH_SEARCH_PATHS = (
					"$(inherited)",
					"@executable_path/Frameworks",
				);
				PRODUCT_BUNDLE_IDENTIFIER = kr.kimminung.Login;
				PRODUCT_NAME = "$(TARGET_NAME)";
				SWIFT_VERSION = 4.0;
				TARGETED_DEVICE_FAMILY = "1,2";
			};
			name = Release;
		};
/* End XCBuildConfiguration section */

/* Begin XCConfigurationList section */
		CC29759B20C90B0800AF1FBE /* Build configuration list for PBXProject "Login" */ = {
			isa = XCConfigurationList;
			buildConfigurations = (
				CC2975B020C90B0900AF1FBE /* Debug */,
				CC2975B120C90B0900AF1FBE /* Release */,
			);
			defaultConfigurationIsVisible = 0;
			defaultConfigurationName = Release;
		};
		CC2975B220C90B0900AF1FBE /* Build configuration list for PBXNativeTarget "Login" */ = {
			isa = XCConfigurationList;
			buildConfigurations = (
				CC2975B320C90B0900AF1FBE /* Debug */,
				CC2975B420C90B0900AF1FBE /* Release */,
			);
			defaultConfigurationIsVisible = 0;
			defaultConfigurationName = Release;
		};
/* End XCConfigurationList section */
	};
	rootObject = CC29759820C90B0800AF1FBE /* Project object */;
}
