// !$*UTF8*$!
{
	archiveVersion = 1;
	classes = {
	};
	objectVersion = 50;
	objects = {

/* Begin PBXBuildFile section */
		CC4412B820D39A2D0069A5C2 /* dog.swift in Sources */ = {isa = PBXBuildFile; fileRef = CC4412B720D39A2D0069A5C2 /* dog.swift */; };
		CC4412BA20D39A370069A5C2 /* cat.swift in Sources */ = {isa = PBXBuildFile; fileRef = CC4412B920D39A370069A5C2 /* cat.swift */; };
		CCF747A020D36E2A001C19D1 /* AppDelegate.swift in Sources */ = {isa = PBXBuildFile; fileRef = CCF7479F20D36E2A001C19D1 /* AppDelegate.swift */; };
		CCF747A220D36E2A001C19D1 /* ViewController.swift in Sources */ = {isa = PBXBuildFile; fileRef = CCF747A120D36E2A001C19D1 /* ViewController.swift */; };
		CCF747A520D36E2A001C19D1 /* Main.storyboard in Resources */ = {isa = PBXBuildFile; fileRef = CCF747A320D36E2A001C19D1 /* Main.storyboard */; };
		CCF747A720D36E2B001C19D1 /* Assets.xcassets in Resources */ = {isa = PBXBuildFile; fileRef = CCF747A620D36E2B001C19D1 /* Assets.xcassets */; };
		CCF747AA20D36E2B001C19D1 /* LaunchScreen.storyboard in Resources */ = {isa = PBXBuildFile; fileRef = CCF747A820D36E2B001C19D1 /* LaunchScreen.storyboard */; };
		CCF747B220D36E46001C19D1 /* SecondViewController.swift in Sources */ = {isa = PBXBuildFile; fileRef = CCF747B120D36E46001C19D1 /* SecondViewController.swift */; };
/* End PBXBuildFile section */

/* Begin PBXFileReference section */
		CC4412B720D39A2D0069A5C2 /* dog.swift */ = {isa = PBXFileReference; lastKnownFileType = sourcecode.swift; path = dog.swift; sourceTree = "<group>"; };
		CC4412B920D39A370069A5C2 /* cat.swift */ = {isa = PBXFileReference; lastKnownFileType = sourcecode.swift; path = cat.swift; sourceTree = "<group>"; };
		CCF7479C20D36E2A001C19D1 /* 마이펫뀨뀨.app */ = {isa = PBXFileReference; explicitFileType = wrapper.application; includeInIndex = 0; path = "마이펫뀨뀨.app"; sourceTree = BUILT_PRODUCTS_DIR; };
		CCF7479F20D36E2A001C19D1 /* AppDelegate.swift */ = {isa = PBXFileReference; lastKnownFileType = sourcecode.swift; path = AppDelegate.swift; sourceTree = "<group>"; };
		CCF747A120D36E2A001C19D1 /* ViewController.swift */ = {isa = PBXFileReference; lastKnownFileType = sourcecode.swift; path = ViewController.swift; sourceTree = "<group>"; };
		CCF747A420D36E2A001C19D1 /* Base */ = {isa = PBXFileReference; lastKnownFileType = file.storyboard; name = Base; path = Base.lproj/Main.storyboard; sourceTree = "<group>"; };
		CCF747A620D36E2B001C19D1 /* Assets.xcassets */ = {isa = PBXFileReference; lastKnownFileType = folder.assetcatalog; path = Assets.xcassets; sourceTree = "<group>"; };
		CCF747A920D36E2B001C19D1 /* Base */ = {isa = PBXFileReference; lastKnownFileType = file.storyboard; name = Base; path = Base.lproj/LaunchScreen.storyboard; sourceTree = "<group>"; };
		CCF747AB20D36E2B001C19D1 /* Info.plist */ = {isa = PBXFileReference; lastKnownFileType = text.plist.xml; path = Info.plist; sourceTree = "<group>"; };
		CCF747B120D36E46001C19D1 /* SecondViewController.swift */ = {isa = PBXFileReference; lastKnownFileType = sourcecode.swift; path = SecondViewController.swift; sourceTree = "<group>"; };
/* End PBXFileReference section */

/* Begin PBXFrameworksBuildPhase section */
		CCF7479920D36E2A001C19D1 /* Frameworks */ = {
			isa = PBXFrameworksBuildPhase;
			buildActionMask = 2147483647;
			files = (
			);
			runOnlyForDeploymentPostprocessing = 0;
		};
/* End PBXFrameworksBuildPhase section */

/* Begin PBXGroup section */
		CCF7479320D36E2A001C19D1 = {
			isa = PBXGroup;
			children = (
				CCF7479E20D36E2A001C19D1 /* 마이펫뀨뀨 */,
				CCF7479D20D36E2A001C19D1 /* Products */,
			);
			sourceTree = "<group>";
		};
		CCF7479D20D36E2A001C19D1 /* Products */ = {
			isa = PBXGroup;
			children = (
				CCF7479C20D36E2A001C19D1 /* 마이펫뀨뀨.app */,
			);
			name = Products;
			sourceTree = "<group>";
		};
		CCF7479E20D36E2A001C19D1 /* 마이펫뀨뀨 */ = {
			isa = PBXGroup;
			children = (
				CCF7479F20D36E2A001C19D1 /* AppDelegate.swift */,
				CCF747A120D36E2A001C19D1 /* ViewController.swift */,
				CCF747B120D36E46001C19D1 /* SecondViewController.swift */,
				CC4412B920D39A370069A5C2 /* cat.swift */,
				CC4412B720D39A2D0069A5C2 /* dog.swift */,
				CCF747A320D36E2A001C19D1 /* Main.storyboard */,
				CCF747A620D36E2B001C19D1 /* Assets.xcassets */,
				CCF747A820D36E2B001C19D1 /* LaunchScreen.storyboard */,
				CCF747AB20D36E2B001C19D1 /* Info.plist */,
			);
			path = "마이펫뀨뀨";
			sourceTree = "<group>";
		};
/* End PBXGroup section */

/* Begin PBXNativeTarget section */
		CCF7479B20D36E2A001C19D1 /* 마이펫뀨뀨 */ = {
			isa = PBXNativeTarget;
			buildConfigurationList = CCF747AE20D36E2B001C19D1 /* Build configuration list for PBXNativeTarget "마이펫뀨뀨" */;
			buildPhases = (
				CCF7479820D36E2A001C19D1 /* Sources */,
				CCF7479920D36E2A001C19D1 /* Frameworks */,
				CCF7479A20D36E2A001C19D1 /* Resources */,
			);
			buildRules = (
			);
			dependencies = (
			);
			name = "마이펫뀨뀨";
			productName = "마이펫뀨뀨";
			productReference = CCF7479C20D36E2A001C19D1 /* 마이펫뀨뀨.app */;
			productType = "com.apple.product-type.application";
		};
/* End PBXNativeTarget section */

/* Begin PBXProject section */
		CCF7479420D36E2A001C19D1 /* Project object */ = {
			isa = PBXProject;
			attributes = {
				LastSwiftUpdateCheck = 0940;
				LastUpgradeCheck = 0940;
				ORGANIZATIONNAME = "김민웅";
				TargetAttributes = {
					CCF7479B20D36E2A001C19D1 = {
						CreatedOnToolsVersion = 9.4;
					};
				};
			};
			buildConfigurationList = CCF7479720D36E2A001C19D1 /* Build configuration list for PBXProject "마이펫뀨뀨" */;
			compatibilityVersion = "Xcode 9.3";
			developmentRegion = en;
			hasScannedForEncodings = 0;
			knownRegions = (
				en,
				Base,
			);
			mainGroup = CCF7479320D36E2A001C19D1;
			productRefGroup = CCF7479D20D36E2A001C19D1 /* Products */;
			projectDirPath = "";
			projectRoot = "";
			targets = (
				CCF7479B20D36E2A001C19D1 /* 마이펫뀨뀨 */,
			);
		};
/* End PBXProject section */

/* Begin PBXResourcesBuildPhase section */
		CCF7479A20D36E2A001C19D1 /* Resources */ = {
			isa = PBXResourcesBuildPhase;
			buildActionMask = 2147483647;
			files = (
				CCF747AA20D36E2B001C19D1 /* LaunchScreen.storyboard in Resources */,
				CCF747A720D36E2B001C19D1 /* Assets.xcassets in Resources */,
				CCF747A520D36E2A001C19D1 /* Main.storyboard in Resources */,
			);
			runOnlyForDeploymentPostprocessing = 0;
		};
/* End PBXResourcesBuildPhase section */

/* Begin PBXSourcesBuildPhase section */
		CCF7479820D36E2A001C19D1 /* Sources */ = {
			isa = PBXSourcesBuildPhase;
			buildActionMask = 2147483647;
			files = (
				CC4412BA20D39A370069A5C2 /* cat.swift in Sources */,
				CCF747B220D36E46001C19D1 /* SecondViewController.swift in Sources */,
				CCF747A220D36E2A001C19D1 /* ViewController.swift in Sources */,
				CC4412B820D39A2D0069A5C2 /* dog.swift in Sources */,
				CCF747A020D36E2A001C19D1 /* AppDelegate.swift in Sources */,
			);
			runOnlyForDeploymentPostprocessing = 0;
		};
/* End PBXSourcesBuildPhase section */

/* Begin PBXVariantGroup section */
		CCF747A320D36E2A001C19D1 /* Main.storyboard */ = {
			isa = PBXVariantGroup;
			children = (
				CCF747A420D36E2A001C19D1 /* Base */,
			);
			name = Main.storyboard;
			sourceTree = "<group>";
		};
		CCF747A820D36E2B001C19D1 /* LaunchScreen.storyboard */ = {
			isa = PBXVariantGroup;
			children = (
				CCF747A920D36E2B001C19D1 /* Base */,
			);
			name = LaunchScreen.storyboard;
			sourceTree = "<group>";
		};
/* End PBXVariantGroup section */

/* Begin XCBuildConfiguration section */
		CCF747AC20D36E2B001C19D1 /* Debug */ = {
			isa = XCBuildConfiguration;
			buildSettings = {
				ALWAYS_SEARCH_USER_PATHS = NO;
				CLANG_ANALYZER_NONNULL = YES;
				CLANG_ANALYZER_NUMBER_OBJECT_CONVERSION = YES_AGGRESSIVE;
				CLANG_CXX_LANGUAGE_STANDARD = "gnu++14";
				CLANG_CXX_LIBRARY = "libc++";
				CLANG_ENABLE_MODULES = YES;
				CLANG_ENABLE_OBJC_ARC = YES;
				CLANG_ENABLE_OBJC_WEAK = YES;
				CLANG_WARN_BLOCK_CAPTURE_AUTORELEASING = YES;
				CLANG_WARN_BOOL_CONVERSION = YES;
				CLANG_WARN_COMMA = YES;
				CLANG_WARN_CONSTANT_CONVERSION = YES;
				CLANG_WARN_DEPRECATED_OBJC_IMPLEMENTATIONS = YES;
				CLANG_WARN_DIRECT_OBJC_ISA_USAGE = YES_ERROR;
				CLANG_WARN_DOCUMENTATION_COMMENTS = YES;
				CLANG_WARN_EMPTY_BODY = YES;
				CLANG_WARN_ENUM_CONVERSION = YES;
				CLANG_WARN_INFINITE_RECURSION = YES;
				CLANG_WARN_INT_CONVERSION = YES;
				CLANG_WARN_NON_LITERAL_NULL_CONVERSION = YES;
				CLANG_WARN_OBJC_IMPLICIT_RETAIN_SELF = YES;
				CLANG_WARN_OBJC_LITERAL_CONVERSION = YES;
				CLANG_WARN_OBJC_ROOT_CLASS = YES_ERROR;
				CLANG_WARN_RANGE_LOOP_ANALYSIS = YES;
				CLANG_WARN_STRICT_PROTOTYPES = YES;
				CLANG_WARN_SUSPICIOUS_MOVE = YES;
				CLANG_WARN_UNGUARDED_AVAILABILITY = YES_AGGRESSIVE;
				CLANG_WARN_UNREACHABLE_CODE = YES;
				CLANG_WARN__DUPLICATE_METHOD_MATCH = YES;
				CODE_SIGN_IDENTITY = "iPhone Developer";
				COPY_PHASE_STRIP = NO;
				DEBUG_INFORMATION_FORMAT = dwarf;
				ENABLE_STRICT_OBJC_MSGSEND = YES;
				ENABLE_TESTABILITY = YES;
				GCC_C_LANGUAGE_STANDARD = gnu11;
				GCC_DYNAMIC_NO_PIC = NO;
				GCC_NO_COMMON_BLOCKS = YES;
				GCC_OPTIMIZATION_LEVEL = 0;
				GCC_PREPROCESSOR_DEFINITIONS = (
					"DEBUG=1",
					"$(inherited)",
				);
				GCC_WARN_64_TO_32_BIT_CONVERSION = YES;
				GCC_WARN_ABOUT_RETURN_TYPE = YES_ERROR;
				GCC_WARN_UNDECLARED_SELECTOR = YES;
				GCC_WARN_UNINITIALIZED_AUTOS = YES_AGGRESSIVE;
				GCC_WARN_UNUSED_FUNCTION = YES;
				GCC_WARN_UNUSED_VARIABLE = YES;
				IPHONEOS_DEPLOYMENT_TARGET = 11.4;
				MTL_ENABLE_DEBUG_INFO = YES;
				ONLY_ACTIVE_ARCH = YES;
				SDKROOT = iphoneos;
				SWIFT_ACTIVE_COMPILATION_CONDITIONS = DEBUG;
				SWIFT_OPTIMIZATION_LEVEL = "-Onone";
			};
			name = Debug;
		};
		CCF747AD20D36E2B001C19D1 /* Release */ = {
			isa = XCBuildConfiguration;
			buildSettings = {
				ALWAYS_SEARCH_USER_PATHS = NO;
				CLANG_ANALYZER_NONNULL = YES;
				CLANG_ANALYZER_NUMBER_OBJECT_CONVERSION = YES_AGGRESSIVE;
				CLANG_CXX_LANGUAGE_STANDARD = "gnu++14";
				CLANG_CXX_LIBRARY = "libc++";
				CLANG_ENABLE_MODULES = YES;
				CLANG_ENABLE_OBJC_ARC = YES;
				CLANG_ENABLE_OBJC_WEAK = YES;
				CLANG_WARN_BLOCK_CAPTURE_AUTORELEASING = YES;
				CLANG_WARN_BOOL_CONVERSION = YES;
				CLANG_WARN_COMMA = YES;
				CLANG_WARN_CONSTANT_CONVERSION = YES;
				CLANG_WARN_DEPRECATED_OBJC_IMPLEMENTATIONS = YES;
				CLANG_WARN_DIRECT_OBJC_ISA_USAGE = YES_ERROR;
				CLANG_WARN_DOCUMENTATION_COMMENTS = YES;
				CLANG_WARN_EMPTY_BODY = YES;
				CLANG_WARN_ENUM_CONVERSION = YES;
				CLANG_WARN_INFINITE_RECURSION = YES;
				CLANG_WARN_INT_CONVERSION = YES;
				CLANG_WARN_NON_LITERAL_NULL_CONVERSION = YES;
				CLANG_WARN_OBJC_IMPLICIT_RETAIN_SELF = YES;
				CLANG_WARN_OBJC_LITERAL_CONVERSION = YES;
				CLANG_WARN_OBJC_ROOT_CLASS = YES_ERROR;
				CLANG_WARN_RANGE_LOOP_ANALYSIS = YES;
				CLANG_WARN_STRICT_PROTOTYPES = YES;
				CLANG_WARN_SUSPICIOUS_MOVE = YES;
				CLANG_WARN_UNGUARDED_AVAILABILITY = YES_AGGRESSIVE;
				CLANG_WARN_UNREACHABLE_CODE = YES;
				CLANG_WARN__DUPLICATE_METHOD_MATCH = YES;
				CODE_SIGN_IDENTITY = "iPhone Developer";
				COPY_PHASE_STRIP = NO;
				DEBUG_INFORMATION_FORMAT = "dwarf-with-dsym";
				ENABLE_NS_ASSERTIONS = NO;
				ENABLE_STRICT_OBJC_MSGSEND = YES;
				GCC_C_LANGUAGE_STANDARD = gnu11;
				GCC_NO_COMMON_BLOCKS = YES;
				GCC_WARN_64_TO_32_BIT_CONVERSION = YES;
				GCC_WARN_ABOUT_RETURN_TYPE = YES_ERROR;
				GCC_WARN_UNDECLARED_SELECTOR = YES;
				GCC_WARN_UNINITIALIZED_AUTOS = YES_AGGRESSIVE;
				GCC_WARN_UNUSED_FUNCTION = YES;
				GCC_WARN_UNUSED_VARIABLE = YES;
				IPHONEOS_DEPLOYMENT_TARGET = 11.4;
				MTL_ENABLE_DEBUG_INFO = NO;
				SDKROOT = iphoneos;
				SWIFT_COMPILATION_MODE = wholemodule;
				SWIFT_OPTIMIZATION_LEVEL = "-O";
				VALIDATE_PRODUCT = YES;
			};
			name = Release;
		};
		CCF747AF20D36E2B001C19D1 /* Debug */ = {
			isa = XCBuildConfiguration;
			buildSettings = {
				ASSETCATALOG_COMPILER_APPICON_NAME = AppIcon;
				CODE_SIGN_STYLE = Automatic;
				DEVELOPMENT_TEAM = 5Z8G42AVKD;
				INFOPLIST_FILE = "마이펫뀨뀨/Info.plist";
				LD_RUNPATH_SEARCH_PATHS = (
					"$(inherited)",
					"@executable_path/Frameworks",
				);
				PRODUCT_BUNDLE_IDENTIFIER = "kr.kimminung.-----------";
				PRODUCT_NAME = "$(TARGET_NAME)";
				SWIFT_VERSION = 4.0;
				TARGETED_DEVICE_FAMILY = "1,2";
			};
			name = Debug;
		};
		CCF747B020D36E2B001C19D1 /* Release */ = {
			isa = XCBuildConfiguration;
			buildSettings = {
				ASSETCATALOG_COMPILER_APPICON_NAME = AppIcon;
				CODE_SIGN_STYLE = Automatic;
				DEVELOPMENT_TEAM = 5Z8G42AVKD;
				INFOPLIST_FILE = "마이펫뀨뀨/Info.plist";
				LD_RUNPATH_SEARCH_PATHS = (
					"$(inherited)",
					"@executable_path/Frameworks",
				);
				PRODUCT_BUNDLE_IDENTIFIER = "kr.kimminung.-----------";
				PRODUCT_NAME = "$(TARGET_NAME)";
				SWIFT_VERSION = 4.0;
				TARGETED_DEVICE_FAMILY = "1,2";
			};
			name = Release;
		};
/* End XCBuildConfiguration section */

/* Begin XCConfigurationList section */
		CCF7479720D36E2A001C19D1 /* Build configuration list for PBXProject "마이펫뀨뀨" */ = {
			isa = XCConfigurationList;
			buildConfigurations = (
				CCF747AC20D36E2B001C19D1 /* Debug */,
				CCF747AD20D36E2B001C19D1 /* Release */,
			);
			defaultConfigurationIsVisible = 0;
			defaultConfigurationName = Release;
		};
		CCF747AE20D36E2B001C19D1 /* Build configuration list for PBXNativeTarget "마이펫뀨뀨" */ = {
			isa = XCConfigurationList;
			buildConfigurations = (
				CCF747AF20D36E2B001C19D1 /* Debug */,
				CCF747B020D36E2B001C19D1 /* Release */,
			);
			defaultConfigurationIsVisible = 0;
			defaultConfigurationName = Release;
		};
/* End XCConfigurationList section */
	};
	rootObject = CCF7479420D36E2A001C19D1 /* Project object */;
}
