// !$*UTF8*$!
{
	archiveVersion = 1;
	classes = {
	};
	objectVersion = 50;
	objects = {

/* Begin PBXBuildFile section */
		01E60D5020EDB35300A07E3F /* AppDelegate.swift in Sources */ = {isa = PBXBuildFile; fileRef = 01E60D4F20EDB35300A07E3F /* AppDelegate.swift */; };
		01E60D5220EDB35300A07E3F /* ViewController.swift in Sources */ = {isa = PBXBuildFile; fileRef = 01E60D5120EDB35300A07E3F /* ViewController.swift */; };
		01E60D5520EDB35300A07E3F /* Main.storyboard in Resources */ = {isa = PBXBuildFile; fileRef = 01E60D5320EDB35300A07E3F /* Main.storyboard */; };
		01E60D5720EDB35400A07E3F /* Assets.xcassets in Resources */ = {isa = PBXBuildFile; fileRef = 01E60D5620EDB35400A07E3F /* Assets.xcassets */; };
		01E60D5A20EDB35400A07E3F /* LaunchScreen.storyboard in Resources */ = {isa = PBXBuildFile; fileRef = 01E60D5820EDB35400A07E3F /* LaunchScreen.storyboard */; };
		01E60D6220EDC6B500A07E3F /* AnotherViewController.swift in Sources */ = {isa = PBXBuildFile; fileRef = 01E60D6120EDC6B500A07E3F /* AnotherViewController.swift */; };
		01E60D6620EDE95A00A07E3F /* NaviViewController.swift in Sources */ = {isa = PBXBuildFile; fileRef = 01E60D6520EDE95A00A07E3F /* NaviViewController.swift */; };
		01E60D6820EDE97300A07E3F /* FourView.swift in Sources */ = {isa = PBXBuildFile; fileRef = 01E60D6720EDE97300A07E3F /* FourView.swift */; };
		01E60D6A20EDE98200A07E3F /* FiveView.swift in Sources */ = {isa = PBXBuildFile; fileRef = 01E60D6920EDE98200A07E3F /* FiveView.swift */; };
		01E60D6C20EDE99600A07E3F /* ThirdView.swift in Sources */ = {isa = PBXBuildFile; fileRef = 01E60D6B20EDE99600A07E3F /* ThirdView.swift */; };
		01E60D6E20EDF0BC00A07E3F /* ColorView.swift in Sources */ = {isa = PBXBuildFile; fileRef = 01E60D6D20EDF0BC00A07E3F /* ColorView.swift */; };
/* End PBXBuildFile section */

/* Begin PBXFileReference section */
		01E60D4C20EDB35300A07E3F /* kim0705TapBar.app */ = {isa = PBXFileReference; explicitFileType = wrapper.application; includeInIndex = 0; path = kim0705TapBar.app; sourceTree = BUILT_PRODUCTS_DIR; };
		01E60D4F20EDB35300A07E3F /* AppDelegate.swift */ = {isa = PBXFileReference; lastKnownFileType = sourcecode.swift; path = AppDelegate.swift; sourceTree = "<group>"; };
		01E60D5120EDB35300A07E3F /* ViewController.swift */ = {isa = PBXFileReference; lastKnownFileType = sourcecode.swift; path = ViewController.swift; sourceTree = "<group>"; };
		01E60D5420EDB35300A07E3F /* Base */ = {isa = PBXFileReference; lastKnownFileType = file.storyboard; name = Base; path = Base.lproj/Main.storyboard; sourceTree = "<group>"; };
		01E60D5620EDB35400A07E3F /* Assets.xcassets */ = {isa = PBXFileReference; lastKnownFileType = folder.assetcatalog; path = Assets.xcassets; sourceTree = "<group>"; };
		01E60D5920EDB35400A07E3F /* Base */ = {isa = PBXFileReference; lastKnownFileType = file.storyboard; name = Base; path = Base.lproj/LaunchScreen.storyboard; sourceTree = "<group>"; };
		01E60D5B20EDB35400A07E3F /* Info.plist */ = {isa = PBXFileReference; lastKnownFileType = text.plist.xml; path = Info.plist; sourceTree = "<group>"; };
		01E60D6120EDC6B500A07E3F /* AnotherViewController.swift */ = {isa = PBXFileReference; lastKnownFileType = sourcecode.swift; path = AnotherViewController.swift; sourceTree = "<group>"; };
		01E60D6520EDE95A00A07E3F /* NaviViewController.swift */ = {isa = PBXFileReference; lastKnownFileType = sourcecode.swift; path = NaviViewController.swift; sourceTree = "<group>"; };
		01E60D6720EDE97300A07E3F /* FourView.swift */ = {isa = PBXFileReference; lastKnownFileType = sourcecode.swift; path = FourView.swift; sourceTree = "<group>"; };
		01E60D6920EDE98200A07E3F /* FiveView.swift */ = {isa = PBXFileReference; lastKnownFileType = sourcecode.swift; path = FiveView.swift; sourceTree = "<group>"; };
		01E60D6B20EDE99600A07E3F /* ThirdView.swift */ = {isa = PBXFileReference; lastKnownFileType = sourcecode.swift; path = ThirdView.swift; sourceTree = "<group>"; };
		01E60D6D20EDF0BC00A07E3F /* ColorView.swift */ = {isa = PBXFileReference; lastKnownFileType = sourcecode.swift; path = ColorView.swift; sourceTree = "<group>"; };
/* End PBXFileReference section */

/* Begin PBXFrameworksBuildPhase section */
		01E60D4920EDB35300A07E3F /* Frameworks */ = {
			isa = PBXFrameworksBuildPhase;
			buildActionMask = 2147483647;
			files = (
			);
			runOnlyForDeploymentPostprocessing = 0;
		};
/* End PBXFrameworksBuildPhase section */

/* Begin PBXGroup section */
		01E60D4320EDB35300A07E3F = {
			isa = PBXGroup;
			children = (
				01E60D4E20EDB35300A07E3F /* kim0705TapBar */,
				01E60D4D20EDB35300A07E3F /* Products */,
			);
			sourceTree = "<group>";
		};
		01E60D4D20EDB35300A07E3F /* Products */ = {
			isa = PBXGroup;
			children = (
				01E60D4C20EDB35300A07E3F /* kim0705TapBar.app */,
			);
			name = Products;
			sourceTree = "<group>";
		};
		01E60D4E20EDB35300A07E3F /* kim0705TapBar */ = {
			isa = PBXGroup;
			children = (
				01E60D4F20EDB35300A07E3F /* AppDelegate.swift */,
				01E60D5120EDB35300A07E3F /* ViewController.swift */,
				01E60D6120EDC6B500A07E3F /* AnotherViewController.swift */,
				01E60D6B20EDE99600A07E3F /* ThirdView.swift */,
				01E60D6720EDE97300A07E3F /* FourView.swift */,
				01E60D6920EDE98200A07E3F /* FiveView.swift */,
				01E60D6D20EDF0BC00A07E3F /* ColorView.swift */,
				01E60D6520EDE95A00A07E3F /* NaviViewController.swift */,
				01E60D5320EDB35300A07E3F /* Main.storyboard */,
				01E60D5620EDB35400A07E3F /* Assets.xcassets */,
				01E60D5820EDB35400A07E3F /* LaunchScreen.storyboard */,
				01E60D5B20EDB35400A07E3F /* Info.plist */,
			);
			path = kim0705TapBar;
			sourceTree = "<group>";
		};
/* End PBXGroup section */

/* Begin PBXNativeTarget section */
		01E60D4B20EDB35300A07E3F /* kim0705TapBar */ = {
			isa = PBXNativeTarget;
			buildConfigurationList = 01E60D5E20EDB35400A07E3F /* Build configuration list for PBXNativeTarget "kim0705TapBar" */;
			buildPhases = (
				01E60D4820EDB35300A07E3F /* Sources */,
				01E60D4920EDB35300A07E3F /* Frameworks */,
				01E60D4A20EDB35300A07E3F /* Resources */,
			);
			buildRules = (
			);
			dependencies = (
			);
			name = kim0705TapBar;
			productName = kim0705TapBar;
			productReference = 01E60D4C20EDB35300A07E3F /* kim0705TapBar.app */;
			productType = "com.apple.product-type.application";
		};
/* End PBXNativeTarget section */

/* Begin PBXProject section */
		01E60D4420EDB35300A07E3F /* Project object */ = {
			isa = PBXProject;
			attributes = {
				LastSwiftUpdateCheck = 0940;
				LastUpgradeCheck = 0940;
				ORGANIZATIONNAME = "김민웅";
				TargetAttributes = {
					01E60D4B20EDB35300A07E3F = {
						CreatedOnToolsVersion = 9.4.1;
						LastSwiftMigration = 1000;
					};
				};
			};
			buildConfigurationList = 01E60D4720EDB35300A07E3F /* Build configuration list for PBXProject "kim0705TapBar" */;
			compatibilityVersion = "Xcode 9.3";
			developmentRegion = en;
			hasScannedForEncodings = 0;
			knownRegions = (
				en,
				Base,
			);
			mainGroup = 01E60D4320EDB35300A07E3F;
			productRefGroup = 01E60D4D20EDB35300A07E3F /* Products */;
			projectDirPath = "";
			projectRoot = "";
			targets = (
				01E60D4B20EDB35300A07E3F /* kim0705TapBar */,
			);
		};
/* End PBXProject section */

/* Begin PBXResourcesBuildPhase section */
		01E60D4A20EDB35300A07E3F /* Resources */ = {
			isa = PBXResourcesBuildPhase;
			buildActionMask = 2147483647;
			files = (
				01E60D5A20EDB35400A07E3F /* LaunchScreen.storyboard in Resources */,
				01E60D5720EDB35400A07E3F /* Assets.xcassets in Resources */,
				01E60D5520EDB35300A07E3F /* Main.storyboard in Resources */,
			);
			runOnlyForDeploymentPostprocessing = 0;
		};
/* End PBXResourcesBuildPhase section */

/* Begin PBXSourcesBuildPhase section */
		01E60D4820EDB35300A07E3F /* Sources */ = {
			isa = PBXSourcesBuildPhase;
			buildActionMask = 2147483647;
			files = (
				01E60D6C20EDE99600A07E3F /* ThirdView.swift in Sources */,
				01E60D6820EDE97300A07E3F /* FourView.swift in Sources */,
				01E60D6A20EDE98200A07E3F /* FiveView.swift in Sources */,
				01E60D5220EDB35300A07E3F /* ViewController.swift in Sources */,
				01E60D6E20EDF0BC00A07E3F /* ColorView.swift in Sources */,
				01E60D5020EDB35300A07E3F /* AppDelegate.swift in Sources */,
				01E60D6220EDC6B500A07E3F /* AnotherViewController.swift in Sources */,
				01E60D6620EDE95A00A07E3F /* NaviViewController.swift in Sources */,
			);
			runOnlyForDeploymentPostprocessing = 0;
		};
/* End PBXSourcesBuildPhase section */

/* Begin PBXVariantGroup section */
		01E60D5320EDB35300A07E3F /* Main.storyboard */ = {
			isa = PBXVariantGroup;
			children = (
				01E60D5420EDB35300A07E3F /* Base */,
			);
			name = Main.storyboard;
			sourceTree = "<group>";
		};
		01E60D5820EDB35400A07E3F /* LaunchScreen.storyboard */ = {
			isa = PBXVariantGroup;
			children = (
				01E60D5920EDB35400A07E3F /* Base */,
			);
			name = LaunchScreen.storyboard;
			sourceTree = "<group>";
		};
/* End PBXVariantGroup section */

/* Begin XCBuildConfiguration section */
		01E60D5C20EDB35400A07E3F /* Debug */ = {
			isa = XCBuildConfiguration;
			buildSettings = {
				ALWAYS_SEARCH_USER_PATHS = NO;
				CLANG_ANALYZER_NONNULL = YES;
				CLANG_ANALYZER_NUMBER_OBJECT_CONVERSION = YES_AGGRESSIVE;
				CLANG_CXX_LANGUAGE_STANDARD = "gnu++14";
				CLANG_CXX_LIBRARY = "libc++";
				CLANG_ENABLE_MODULES = YES;
				CLANG_ENABLE_OBJC_ARC = YES;
				CLANG_ENABLE_OBJC_WEAK = YES;
				CLANG_WARN_BLOCK_CAPTURE_AUTORELEASING = YES;
				CLANG_WARN_BOOL_CONVERSION = YES;
				CLANG_WARN_COMMA = YES;
				CLANG_WARN_CONSTANT_CONVERSION = YES;
				CLANG_WARN_DEPRECATED_OBJC_IMPLEMENTATIONS = YES;
				CLANG_WARN_DIRECT_OBJC_ISA_USAGE = YES_ERROR;
				CLANG_WARN_DOCUMENTATION_COMMENTS = YES;
				CLANG_WARN_EMPTY_BODY = YES;
				CLANG_WARN_ENUM_CONVERSION = YES;
				CLANG_WARN_INFINITE_RECURSION = YES;
				CLANG_WARN_INT_CONVERSION = YES;
				CLANG_WARN_NON_LITERAL_NULL_CONVERSION = YES;
				CLANG_WARN_OBJC_IMPLICIT_RETAIN_SELF = YES;
				CLANG_WARN_OBJC_LITERAL_CONVERSION = YES;
				CLANG_WARN_OBJC_ROOT_CLASS = YES_ERROR;
				CLANG_WARN_RANGE_LOOP_ANALYSIS = YES;
				CLANG_WARN_STRICT_PROTOTYPES = YES;
				CLANG_WARN_SUSPICIOUS_MOVE = YES;
				CLANG_WARN_UNGUARDED_AVAILABILITY = YES_AGGRESSIVE;
				CLANG_WARN_UNREACHABLE_CODE = YES;
				CLANG_WARN__DUPLICATE_METHOD_MATCH = YES;
				CODE_SIGN_IDENTITY = "iPhone Developer";
				COPY_PHASE_STRIP = NO;
				DEBUG_INFORMATION_FORMAT = dwarf;
				ENABLE_STRICT_OBJC_MSGSEND = YES;
				ENABLE_TESTABILITY = YES;
				GCC_C_LANGUAGE_STANDARD = gnu11;
				GCC_DYNAMIC_NO_PIC = NO;
				GCC_NO_COMMON_BLOCKS = YES;
				GCC_OPTIMIZATION_LEVEL = 0;
				GCC_PREPROCESSOR_DEFINITIONS = (
					"DEBUG=1",
					"$(inherited)",
				);
				GCC_WARN_64_TO_32_BIT_CONVERSION = YES;
				GCC_WARN_ABOUT_RETURN_TYPE = YES_ERROR;
				GCC_WARN_UNDECLARED_SELECTOR = YES;
				GCC_WARN_UNINITIALIZED_AUTOS = YES_AGGRESSIVE;
				GCC_WARN_UNUSED_FUNCTION = YES;
				GCC_WARN_UNUSED_VARIABLE = YES;
				IPHONEOS_DEPLOYMENT_TARGET = 11.4;
				MTL_ENABLE_DEBUG_INFO = YES;
				ONLY_ACTIVE_ARCH = YES;
				SDKROOT = iphoneos;
				SWIFT_ACTIVE_COMPILATION_CONDITIONS = DEBUG;
				SWIFT_OPTIMIZATION_LEVEL = "-Onone";
			};
			name = Debug;
		};
		01E60D5D20EDB35400A07E3F /* Release */ = {
			isa = XCBuildConfiguration;
			buildSettings = {
				ALWAYS_SEARCH_USER_PATHS = NO;
				CLANG_ANALYZER_NONNULL = YES;
				CLANG_ANALYZER_NUMBER_OBJECT_CONVERSION = YES_AGGRESSIVE;
				CLANG_CXX_LANGUAGE_STANDARD = "gnu++14";
				CLANG_CXX_LIBRARY = "libc++";
				CLANG_ENABLE_MODULES = YES;
				CLANG_ENABLE_OBJC_ARC = YES;
				CLANG_ENABLE_OBJC_WEAK = YES;
				CLANG_WARN_BLOCK_CAPTURE_AUTORELEASING = YES;
				CLANG_WARN_BOOL_CONVERSION = YES;
				CLANG_WARN_COMMA = YES;
				CLANG_WARN_CONSTANT_CONVERSION = YES;
				CLANG_WARN_DEPRECATED_OBJC_IMPLEMENTATIONS = YES;
				CLANG_WARN_DIRECT_OBJC_ISA_USAGE = YES_ERROR;
				CLANG_WARN_DOCUMENTATION_COMMENTS = YES;
				CLANG_WARN_EMPTY_BODY = YES;
				CLANG_WARN_ENUM_CONVERSION = YES;
				CLANG_WARN_INFINITE_RECURSION = YES;
				CLANG_WARN_INT_CONVERSION = YES;
				CLANG_WARN_NON_LITERAL_NULL_CONVERSION = YES;
				CLANG_WARN_OBJC_IMPLICIT_RETAIN_SELF = YES;
				CLANG_WARN_OBJC_LITERAL_CONVERSION = YES;
				CLANG_WARN_OBJC_ROOT_CLASS = YES_ERROR;
				CLANG_WARN_RANGE_LOOP_ANALYSIS = YES;
				CLANG_WARN_STRICT_PROTOTYPES = YES;
				CLANG_WARN_SUSPICIOUS_MOVE = YES;
				CLANG_WARN_UNGUARDED_AVAILABILITY = YES_AGGRESSIVE;
				CLANG_WARN_UNREACHABLE_CODE = YES;
				CLANG_WARN__DUPLICATE_METHOD_MATCH = YES;
				CODE_SIGN_IDENTITY = "iPhone Developer";
				COPY_PHASE_STRIP = NO;
				DEBUG_INFORMATION_FORMAT = "dwarf-with-dsym";
				ENABLE_NS_ASSERTIONS = NO;
				ENABLE_STRICT_OBJC_MSGSEND = YES;
				GCC_C_LANGUAGE_STANDARD = gnu11;
				GCC_NO_COMMON_BLOCKS = YES;
				GCC_WARN_64_TO_32_BIT_CONVERSION = YES;
				GCC_WARN_ABOUT_RETURN_TYPE = YES_ERROR;
				GCC_WARN_UNDECLARED_SELECTOR = YES;
				GCC_WARN_UNINITIALIZED_AUTOS = YES_AGGRESSIVE;
				GCC_WARN_UNUSED_FUNCTION = YES;
				GCC_WARN_UNUSED_VARIABLE = YES;
				IPHONEOS_DEPLOYMENT_TARGET = 11.4;
				MTL_ENABLE_DEBUG_INFO = NO;
				SDKROOT = iphoneos;
				SWIFT_COMPILATION_MODE = wholemodule;
				SWIFT_OPTIMIZATION_LEVEL = "-O";
				VALIDATE_PRODUCT = YES;
			};
			name = Release;
		};
		01E60D5F20EDB35400A07E3F /* Debug */ = {
			isa = XCBuildConfiguration;
			buildSettings = {
				ASSETCATALOG_COMPILER_APPICON_NAME = AppIcon;
				CODE_SIGN_STYLE = Automatic;
				DEVELOPMENT_TEAM = 5Z8G42AVKD;
				INFOPLIST_FILE = kim0705TapBar/Info.plist;
				IPHONEOS_DEPLOYMENT_TARGET = 11.4;
				LD_RUNPATH_SEARCH_PATHS = (
					"$(inherited)",
					"@executable_path/Frameworks",
				);
				PRODUCT_BUNDLE_IDENTIFIER = test.kim0705TapBar;
				PRODUCT_NAME = "$(TARGET_NAME)";
				SWIFT_VERSION = 4.0;
				TARGETED_DEVICE_FAMILY = "1,2";
			};
			name = Debug;
		};
		01E60D6020EDB35400A07E3F /* Release */ = {
			isa = XCBuildConfiguration;
			buildSettings = {
				ASSETCATALOG_COMPILER_APPICON_NAME = AppIcon;
				CODE_SIGN_STYLE = Automatic;
				DEVELOPMENT_TEAM = 5Z8G42AVKD;
				INFOPLIST_FILE = kim0705TapBar/Info.plist;
				IPHONEOS_DEPLOYMENT_TARGET = 11.4;
				LD_RUNPATH_SEARCH_PATHS = (
					"$(inherited)",
					"@executable_path/Frameworks",
				);
				PRODUCT_BUNDLE_IDENTIFIER = test.kim0705TapBar;
				PRODUCT_NAME = "$(TARGET_NAME)";
				SWIFT_VERSION = 4.0;
				TARGETED_DEVICE_FAMILY = "1,2";
			};
			name = Release;
		};
/* End XCBuildConfiguration section */

/* Begin XCConfigurationList section */
		01E60D4720EDB35300A07E3F /* Build configuration list for PBXProject "kim0705TapBar" */ = {
			isa = XCConfigurationList;
			buildConfigurations = (
				01E60D5C20EDB35400A07E3F /* Debug */,
				01E60D5D20EDB35400A07E3F /* Release */,
			);
			defaultConfigurationIsVisible = 0;
			defaultConfigurationName = Release;
		};
		01E60D5E20EDB35400A07E3F /* Build configuration list for PBXNativeTarget "kim0705TapBar" */ = {
			isa = XCConfigurationList;
			buildConfigurations = (
				01E60D5F20EDB35400A07E3F /* Debug */,
				01E60D6020EDB35400A07E3F /* Release */,
			);
			defaultConfigurationIsVisible = 0;
			defaultConfigurationName = Release;
		};
/* End XCConfigurationList section */
	};
	rootObject = 01E60D4420EDB35300A07E3F /* Project object */;
}
