// !$*UTF8*$!
{
	archiveVersion = 1;
	classes = {
	};
	objectVersion = 50;
	objects = {

/* Begin PBXBuildFile section */
		CC96211620C8D63A0011D1DB /* AppDelegate.swift in Sources */ = {isa = PBXBuildFile; fileRef = CC96211520C8D63A0011D1DB /* AppDelegate.swift */; };
		CC96211820C8D63A0011D1DB /* CustomView.swift in Sources */ = {isa = PBXBuildFile; fileRef = CC96211720C8D63A0011D1DB /* CustomView.swift */; };
		CC96211B20C8D63A0011D1DB /* Main.storyboard in Resources */ = {isa = PBXBuildFile; fileRef = CC96211920C8D63A0011D1DB /* Main.storyboard */; };
		CC96211D20C8D63B0011D1DB /* Assets.xcassets in Resources */ = {isa = PBXBuildFile; fileRef = CC96211C20C8D63B0011D1DB /* Assets.xcassets */; };
		CC96212020C8D63B0011D1DB /* LaunchScreen.storyboard in Resources */ = {isa = PBXBuildFile; fileRef = CC96211E20C8D63B0011D1DB /* LaunchScreen.storyboard */; };
		CC96212820C8D6C90011D1DB /* ViewController.swift in Sources */ = {isa = PBXBuildFile; fileRef = CC96212720C8D6C90011D1DB /* ViewController.swift */; };
		CC96212A20C8DDBF0011D1DB /* CustomButton.swift in Sources */ = {isa = PBXBuildFile; fileRef = CC96212920C8DDBF0011D1DB /* CustomButton.swift */; };
/* End PBXBuildFile section */

/* Begin PBXFileReference section */
		CC96211220C8D63A0011D1DB /* delegateEX.app */ = {isa = PBXFileReference; explicitFileType = wrapper.application; includeInIndex = 0; path = delegateEX.app; sourceTree = BUILT_PRODUCTS_DIR; };
		CC96211520C8D63A0011D1DB /* AppDelegate.swift */ = {isa = PBXFileReference; lastKnownFileType = sourcecode.swift; path = AppDelegate.swift; sourceTree = "<group>"; };
		CC96211720C8D63A0011D1DB /* CustomView.swift */ = {isa = PBXFileReference; lastKnownFileType = sourcecode.swift; path = CustomView.swift; sourceTree = "<group>"; };
		CC96211A20C8D63A0011D1DB /* Base */ = {isa = PBXFileReference; lastKnownFileType = file.storyboard; name = Base; path = Base.lproj/Main.storyboard; sourceTree = "<group>"; };
		CC96211C20C8D63B0011D1DB /* Assets.xcassets */ = {isa = PBXFileReference; lastKnownFileType = folder.assetcatalog; path = Assets.xcassets; sourceTree = "<group>"; };
		CC96211F20C8D63B0011D1DB /* Base */ = {isa = PBXFileReference; lastKnownFileType = file.storyboard; name = Base; path = Base.lproj/LaunchScreen.storyboard; sourceTree = "<group>"; };
		CC96212120C8D63B0011D1DB /* Info.plist */ = {isa = PBXFileReference; lastKnownFileType = text.plist.xml; path = Info.plist; sourceTree = "<group>"; };
		CC96212720C8D6C90011D1DB /* ViewController.swift */ = {isa = PBXFileReference; lastKnownFileType = sourcecode.swift; path = ViewController.swift; sourceTree = "<group>"; };
		CC96212920C8DDBF0011D1DB /* CustomButton.swift */ = {isa = PBXFileReference; lastKnownFileType = sourcecode.swift; path = CustomButton.swift; sourceTree = "<group>"; };
/* End PBXFileReference section */

/* Begin PBXFrameworksBuildPhase section */
		CC96210F20C8D63A0011D1DB /* Frameworks */ = {
			isa = PBXFrameworksBuildPhase;
			buildActionMask = 2147483647;
			files = (
			);
			runOnlyForDeploymentPostprocessing = 0;
		};
/* End PBXFrameworksBuildPhase section */

/* Begin PBXGroup section */
		CC96210920C8D63A0011D1DB = {
			isa = PBXGroup;
			children = (
				CC96211420C8D63A0011D1DB /* delegateEX */,
				CC96211320C8D63A0011D1DB /* Products */,
			);
			sourceTree = "<group>";
		};
		CC96211320C8D63A0011D1DB /* Products */ = {
			isa = PBXGroup;
			children = (
				CC96211220C8D63A0011D1DB /* delegateEX.app */,
			);
			name = Products;
			sourceTree = "<group>";
		};
		CC96211420C8D63A0011D1DB /* delegateEX */ = {
			isa = PBXGroup;
			children = (
				CC96211520C8D63A0011D1DB /* AppDelegate.swift */,
				CC96211720C8D63A0011D1DB /* CustomView.swift */,
				CC96212720C8D6C90011D1DB /* ViewController.swift */,
				CC96212920C8DDBF0011D1DB /* CustomButton.swift */,
				CC96211920C8D63A0011D1DB /* Main.storyboard */,
				CC96211C20C8D63B0011D1DB /* Assets.xcassets */,
				CC96211E20C8D63B0011D1DB /* LaunchScreen.storyboard */,
				CC96212120C8D63B0011D1DB /* Info.plist */,
			);
			path = delegateEX;
			sourceTree = "<group>";
		};
/* End PBXGroup section */

/* Begin PBXNativeTarget section */
		CC96211120C8D63A0011D1DB /* delegateEX */ = {
			isa = PBXNativeTarget;
			buildConfigurationList = CC96212420C8D63B0011D1DB /* Build configuration list for PBXNativeTarget "delegateEX" */;
			buildPhases = (
				CC96210E20C8D63A0011D1DB /* Sources */,
				CC96210F20C8D63A0011D1DB /* Frameworks */,
				CC96211020C8D63A0011D1DB /* Resources */,
			);
			buildRules = (
			);
			dependencies = (
			);
			name = delegateEX;
			productName = delegateEX;
			productReference = CC96211220C8D63A0011D1DB /* delegateEX.app */;
			productType = "com.apple.product-type.application";
		};
/* End PBXNativeTarget section */

/* Begin PBXProject section */
		CC96210A20C8D63A0011D1DB /* Project object */ = {
			isa = PBXProject;
			attributes = {
				LastSwiftUpdateCheck = 0940;
				LastUpgradeCheck = 0940;
				ORGANIZATIONNAME = "김민웅";
				TargetAttributes = {
					CC96211120C8D63A0011D1DB = {
						CreatedOnToolsVersion = 9.4;
					};
				};
			};
			buildConfigurationList = CC96210D20C8D63A0011D1DB /* Build configuration list for PBXProject "delegateEX" */;
			compatibilityVersion = "Xcode 9.3";
			developmentRegion = en;
			hasScannedForEncodings = 0;
			knownRegions = (
				en,
				Base,
			);
			mainGroup = CC96210920C8D63A0011D1DB;
			productRefGroup = CC96211320C8D63A0011D1DB /* Products */;
			projectDirPath = "";
			projectRoot = "";
			targets = (
				CC96211120C8D63A0011D1DB /* delegateEX */,
			);
		};
/* End PBXProject section */

/* Begin PBXResourcesBuildPhase section */
		CC96211020C8D63A0011D1DB /* Resources */ = {
			isa = PBXResourcesBuildPhase;
			buildActionMask = 2147483647;
			files = (
				CC96212020C8D63B0011D1DB /* LaunchScreen.storyboard in Resources */,
				CC96211D20C8D63B0011D1DB /* Assets.xcassets in Resources */,
				CC96211B20C8D63A0011D1DB /* Main.storyboard in Resources */,
			);
			runOnlyForDeploymentPostprocessing = 0;
		};
/* End PBXResourcesBuildPhase section */

/* Begin PBXSourcesBuildPhase section */
		CC96210E20C8D63A0011D1DB /* Sources */ = {
			isa = PBXSourcesBuildPhase;
			buildActionMask = 2147483647;
			files = (
				CC96212A20C8DDBF0011D1DB /* CustomButton.swift in Sources */,
				CC96211820C8D63A0011D1DB /* CustomView.swift in Sources */,
				CC96211620C8D63A0011D1DB /* AppDelegate.swift in Sources */,
				CC96212820C8D6C90011D1DB /* ViewController.swift in Sources */,
			);
			runOnlyForDeploymentPostprocessing = 0;
		};
/* End PBXSourcesBuildPhase section */

/* Begin PBXVariantGroup section */
		CC96211920C8D63A0011D1DB /* Main.storyboard */ = {
			isa = PBXVariantGroup;
			children = (
				CC96211A20C8D63A0011D1DB /* Base */,
			);
			name = Main.storyboard;
			sourceTree = "<group>";
		};
		CC96211E20C8D63B0011D1DB /* LaunchScreen.storyboard */ = {
			isa = PBXVariantGroup;
			children = (
				CC96211F20C8D63B0011D1DB /* Base */,
			);
			name = LaunchScreen.storyboard;
			sourceTree = "<group>";
		};
/* End PBXVariantGroup section */

/* Begin XCBuildConfiguration section */
		CC96212220C8D63B0011D1DB /* Debug */ = {
			isa = XCBuildConfiguration;
			buildSettings = {
				ALWAYS_SEARCH_USER_PATHS = NO;
				CLANG_ANALYZER_NONNULL = YES;
				CLANG_ANALYZER_NUMBER_OBJECT_CONVERSION = YES_AGGRESSIVE;
				CLANG_CXX_LANGUAGE_STANDARD = "gnu++14";
				CLANG_CXX_LIBRARY = "libc++";
				CLANG_ENABLE_MODULES = YES;
				CLANG_ENABLE_OBJC_ARC = YES;
				CLANG_ENABLE_OBJC_WEAK = YES;
				CLANG_WARN_BLOCK_CAPTURE_AUTORELEASING = YES;
				CLANG_WARN_BOOL_CONVERSION = YES;
				CLANG_WARN_COMMA = YES;
				CLANG_WARN_CONSTANT_CONVERSION = YES;
				CLANG_WARN_DEPRECATED_OBJC_IMPLEMENTATIONS = YES;
				CLANG_WARN_DIRECT_OBJC_ISA_USAGE = YES_ERROR;
				CLANG_WARN_DOCUMENTATION_COMMENTS = YES;
				CLANG_WARN_EMPTY_BODY = YES;
				CLANG_WARN_ENUM_CONVERSION = YES;
				CLANG_WARN_INFINITE_RECURSION = YES;
				CLANG_WARN_INT_CONVERSION = YES;
				CLANG_WARN_NON_LITERAL_NULL_CONVERSION = YES;
				CLANG_WARN_OBJC_IMPLICIT_RETAIN_SELF = YES;
				CLANG_WARN_OBJC_LITERAL_CONVERSION = YES;
				CLANG_WARN_OBJC_ROOT_CLASS = YES_ERROR;
				CLANG_WARN_RANGE_LOOP_ANALYSIS = YES;
				CLANG_WARN_STRICT_PROTOTYPES = YES;
				CLANG_WARN_SUSPICIOUS_MOVE = YES;
				CLANG_WARN_UNGUARDED_AVAILABILITY = YES_AGGRESSIVE;
				CLANG_WARN_UNREACHABLE_CODE = YES;
				CLANG_WARN__DUPLICATE_METHOD_MATCH = YES;
				CODE_SIGN_IDENTITY = "iPhone Developer";
				COPY_PHASE_STRIP = NO;
				DEBUG_INFORMATION_FORMAT = dwarf;
				ENABLE_STRICT_OBJC_MSGSEND = YES;
				ENABLE_TESTABILITY = YES;
				GCC_C_LANGUAGE_STANDARD = gnu11;
				GCC_DYNAMIC_NO_PIC = NO;
				GCC_NO_COMMON_BLOCKS = YES;
				GCC_OPTIMIZATION_LEVEL = 0;
				GCC_PREPROCESSOR_DEFINITIONS = (
					"DEBUG=1",
					"$(inherited)",
				);
				GCC_WARN_64_TO_32_BIT_CONVERSION = YES;
				GCC_WARN_ABOUT_RETURN_TYPE = YES_ERROR;
				GCC_WARN_UNDECLARED_SELECTOR = YES;
				GCC_WARN_UNINITIALIZED_AUTOS = YES_AGGRESSIVE;
				GCC_WARN_UNUSED_FUNCTION = YES;
				GCC_WARN_UNUSED_VARIABLE = YES;
				IPHONEOS_DEPLOYMENT_TARGET = 11.4;
				MTL_ENABLE_DEBUG_INFO = YES;
				ONLY_ACTIVE_ARCH = YES;
				SDKROOT = iphoneos;
				SWIFT_ACTIVE_COMPILATION_CONDITIONS = DEBUG;
				SWIFT_OPTIMIZATION_LEVEL = "-Onone";
			};
			name = Debug;
		};
		CC96212320C8D63B0011D1DB /* Release */ = {
			isa = XCBuildConfiguration;
			buildSettings = {
				ALWAYS_SEARCH_USER_PATHS = NO;
				CLANG_ANALYZER_NONNULL = YES;
				CLANG_ANALYZER_NUMBER_OBJECT_CONVERSION = YES_AGGRESSIVE;
				CLANG_CXX_LANGUAGE_STANDARD = "gnu++14";
				CLANG_CXX_LIBRARY = "libc++";
				CLANG_ENABLE_MODULES = YES;
				CLANG_ENABLE_OBJC_ARC = YES;
				CLANG_ENABLE_OBJC_WEAK = YES;
				CLANG_WARN_BLOCK_CAPTURE_AUTORELEASING = YES;
				CLANG_WARN_BOOL_CONVERSION = YES;
				CLANG_WARN_COMMA = YES;
				CLANG_WARN_CONSTANT_CONVERSION = YES;
				CLANG_WARN_DEPRECATED_OBJC_IMPLEMENTATIONS = YES;
				CLANG_WARN_DIRECT_OBJC_ISA_USAGE = YES_ERROR;
				CLANG_WARN_DOCUMENTATION_COMMENTS = YES;
				CLANG_WARN_EMPTY_BODY = YES;
				CLANG_WARN_ENUM_CONVERSION = YES;
				CLANG_WARN_INFINITE_RECURSION = YES;
				CLANG_WARN_INT_CONVERSION = YES;
				CLANG_WARN_NON_LITERAL_NULL_CONVERSION = YES;
				CLANG_WARN_OBJC_IMPLICIT_RETAIN_SELF = YES;
				CLANG_WARN_OBJC_LITERAL_CONVERSION = YES;
				CLANG_WARN_OBJC_ROOT_CLASS = YES_ERROR;
				CLANG_WARN_RANGE_LOOP_ANALYSIS = YES;
				CLANG_WARN_STRICT_PROTOTYPES = YES;
				CLANG_WARN_SUSPICIOUS_MOVE = YES;
				CLANG_WARN_UNGUARDED_AVAILABILITY = YES_AGGRESSIVE;
				CLANG_WARN_UNREACHABLE_CODE = YES;
				CLANG_WARN__DUPLICATE_METHOD_MATCH = YES;
				CODE_SIGN_IDENTITY = "iPhone Developer";
				COPY_PHASE_STRIP = NO;
				DEBUG_INFORMATION_FORMAT = "dwarf-with-dsym";
				ENABLE_NS_ASSERTIONS = NO;
				ENABLE_STRICT_OBJC_MSGSEND = YES;
				GCC_C_LANGUAGE_STANDARD = gnu11;
				GCC_NO_COMMON_BLOCKS = YES;
				GCC_WARN_64_TO_32_BIT_CONVERSION = YES;
				GCC_WARN_ABOUT_RETURN_TYPE = YES_ERROR;
				GCC_WARN_UNDECLARED_SELECTOR = YES;
				GCC_WARN_UNINITIALIZED_AUTOS = YES_AGGRESSIVE;
				GCC_WARN_UNUSED_FUNCTION = YES;
				GCC_WARN_UNUSED_VARIABLE = YES;
				IPHONEOS_DEPLOYMENT_TARGET = 11.4;
				MTL_ENABLE_DEBUG_INFO = NO;
				SDKROOT = iphoneos;
				SWIFT_COMPILATION_MODE = wholemodule;
				SWIFT_OPTIMIZATION_LEVEL = "-O";
				VALIDATE_PRODUCT = YES;
			};
			name = Release;
		};
		CC96212520C8D63B0011D1DB /* Debug */ = {
			isa = XCBuildConfiguration;
			buildSettings = {
				ASSETCATALOG_COMPILER_APPICON_NAME = AppIcon;
				CODE_SIGN_STYLE = Automatic;
				DEVELOPMENT_TEAM = 5Z8G42AVKD;
				INFOPLIST_FILE = delegateEX/Info.plist;
				LD_RUNPATH_SEARCH_PATHS = (
					"$(inherited)",
					"@executable_path/Frameworks",
				);
				PRODUCT_BUNDLE_IDENTIFIER = kr.kimminung.delegateEX;
				PRODUCT_NAME = "$(TARGET_NAME)";
				SWIFT_VERSION = 4.0;
				TARGETED_DEVICE_FAMILY = "1,2";
			};
			name = Debug;
		};
		CC96212620C8D63B0011D1DB /* Release */ = {
			isa = XCBuildConfiguration;
			buildSettings = {
				ASSETCATALOG_COMPILER_APPICON_NAME = AppIcon;
				CODE_SIGN_STYLE = Automatic;
				DEVELOPMENT_TEAM = 5Z8G42AVKD;
				INFOPLIST_FILE = delegateEX/Info.plist;
				LD_RUNPATH_SEARCH_PATHS = (
					"$(inherited)",
					"@executable_path/Frameworks",
				);
				PRODUCT_BUNDLE_IDENTIFIER = kr.kimminung.delegateEX;
				PRODUCT_NAME = "$(TARGET_NAME)";
				SWIFT_VERSION = 4.0;
				TARGETED_DEVICE_FAMILY = "1,2";
			};
			name = Release;
		};
/* End XCBuildConfiguration section */

/* Begin XCConfigurationList section */
		CC96210D20C8D63A0011D1DB /* Build configuration list for PBXProject "delegateEX" */ = {
			isa = XCConfigurationList;
			buildConfigurations = (
				CC96212220C8D63B0011D1DB /* Debug */,
				CC96212320C8D63B0011D1DB /* Release */,
			);
			defaultConfigurationIsVisible = 0;
			defaultConfigurationName = Release;
		};
		CC96212420C8D63B0011D1DB /* Build configuration list for PBXNativeTarget "delegateEX" */ = {
			isa = XCConfigurationList;
			buildConfigurations = (
				CC96212520C8D63B0011D1DB /* Debug */,
				CC96212620C8D63B0011D1DB /* Release */,
			);
			defaultConfigurationIsVisible = 0;
			defaultConfigurationName = Release;
		};
/* End XCConfigurationList section */
	};
	rootObject = CC96210A20C8D63A0011D1DB /* Project object */;
}
