// !$*UTF8*$!
{
	archiveVersion = 1;
	classes = {
	};
	objectVersion = 50;
	objects = {

/* Begin PBXBuildFile section */
		CCC3DE6420D780150046EA27 /* AppDelegate.swift in Sources */ = {isa = PBXBuildFile; fileRef = CCC3DE6320D780150046EA27 /* AppDelegate.swift */; };
		CCC3DE6620D780150046EA27 /* ViewController.swift in Sources */ = {isa = PBXBuildFile; fileRef = CCC3DE6520D780150046EA27 /* ViewController.swift */; };
		CCC3DE6920D780150046EA27 /* Main.storyboard in Resources */ = {isa = PBXBuildFile; fileRef = CCC3DE6720D780150046EA27 /* Main.storyboard */; };
		CCC3DE6B20D780160046EA27 /* Assets.xcassets in Resources */ = {isa = PBXBuildFile; fileRef = CCC3DE6A20D780160046EA27 /* Assets.xcassets */; };
		CCC3DE6E20D780160046EA27 /* LaunchScreen.storyboard in Resources */ = {isa = PBXBuildFile; fileRef = CCC3DE6C20D780160046EA27 /* LaunchScreen.storyboard */; };
/* End PBXBuildFile section */

/* Begin PBXFileReference section */
		CCC3DE6020D780150046EA27 /* 오토레이아웃 실습.app */ = {isa = PBXFileReference; explicitFileType = wrapper.application; includeInIndex = 0; path = "오토레이아웃 실습.app"; sourceTree = BUILT_PRODUCTS_DIR; };
		CCC3DE6320D780150046EA27 /* AppDelegate.swift */ = {isa = PBXFileReference; lastKnownFileType = sourcecode.swift; path = AppDelegate.swift; sourceTree = "<group>"; };
		CCC3DE6520D780150046EA27 /* ViewController.swift */ = {isa = PBXFileReference; lastKnownFileType = sourcecode.swift; path = ViewController.swift; sourceTree = "<group>"; };
		CCC3DE6820D780150046EA27 /* Base */ = {isa = PBXFileReference; lastKnownFileType = file.storyboard; name = Base; path = Base.lproj/Main.storyboard; sourceTree = "<group>"; };
		CCC3DE6A20D780160046EA27 /* Assets.xcassets */ = {isa = PBXFileReference; lastKnownFileType = folder.assetcatalog; path = Assets.xcassets; sourceTree = "<group>"; };
		CCC3DE6D20D780160046EA27 /* Base */ = {isa = PBXFileReference; lastKnownFileType = file.storyboard; name = Base; path = Base.lproj/LaunchScreen.storyboard; sourceTree = "<group>"; };
		CCC3DE6F20D780160046EA27 /* Info.plist */ = {isa = PBXFileReference; lastKnownFileType = text.plist.xml; path = Info.plist; sourceTree = "<group>"; };
/* End PBXFileReference section */

/* Begin PBXFrameworksBuildPhase section */
		CCC3DE5D20D780150046EA27 /* Frameworks */ = {
			isa = PBXFrameworksBuildPhase;
			buildActionMask = 2147483647;
			files = (
			);
			runOnlyForDeploymentPostprocessing = 0;
		};
/* End PBXFrameworksBuildPhase section */

/* Begin PBXGroup section */
		CCC3DE5720D780150046EA27 = {
			isa = PBXGroup;
			children = (
				CCC3DE6220D780150046EA27 /* 오토레이아웃 실습 */,
				CCC3DE6120D780150046EA27 /* Products */,
			);
			sourceTree = "<group>";
		};
		CCC3DE6120D780150046EA27 /* Products */ = {
			isa = PBXGroup;
			children = (
				CCC3DE6020D780150046EA27 /* 오토레이아웃 실습.app */,
			);
			name = Products;
			sourceTree = "<group>";
		};
		CCC3DE6220D780150046EA27 /* 오토레이아웃 실습 */ = {
			isa = PBXGroup;
			children = (
				CCC3DE6320D780150046EA27 /* AppDelegate.swift */,
				CCC3DE6520D780150046EA27 /* ViewController.swift */,
				CCC3DE6720D780150046EA27 /* Main.storyboard */,
				CCC3DE6A20D780160046EA27 /* Assets.xcassets */,
				CCC3DE6C20D780160046EA27 /* LaunchScreen.storyboard */,
				CCC3DE6F20D780160046EA27 /* Info.plist */,
			);
			path = "오토레이아웃 실습";
			sourceTree = "<group>";
		};
/* End PBXGroup section */

/* Begin PBXNativeTarget section */
		CCC3DE5F20D780150046EA27 /* 오토레이아웃 실습 */ = {
			isa = PBXNativeTarget;
			buildConfigurationList = CCC3DE7220D780160046EA27 /* Build configuration list for PBXNativeTarget "오토레이아웃 실습" */;
			buildPhases = (
				CCC3DE5C20D780150046EA27 /* Sources */,
				CCC3DE5D20D780150046EA27 /* Frameworks */,
				CCC3DE5E20D780150046EA27 /* Resources */,
			);
			buildRules = (
			);
			dependencies = (
			);
			name = "오토레이아웃 실습";
			productName = "오토레이아웃 실습";
			productReference = CCC3DE6020D780150046EA27 /* 오토레이아웃 실습.app */;
			productType = "com.apple.product-type.application";
		};
/* End PBXNativeTarget section */

/* Begin PBXProject section */
		CCC3DE5820D780150046EA27 /* Project object */ = {
			isa = PBXProject;
			attributes = {
				LastSwiftUpdateCheck = 1000;
				LastUpgradeCheck = 1000;
				ORGANIZATIONNAME = "김민웅";
				TargetAttributes = {
					CCC3DE5F20D780150046EA27 = {
						CreatedOnToolsVersion = 10.0;
					};
				};
			};
			buildConfigurationList = CCC3DE5B20D780150046EA27 /* Build configuration list for PBXProject "오토레이아웃 실습" */;
			compatibilityVersion = "Xcode 9.3";
			developmentRegion = en;
			hasScannedForEncodings = 0;
			knownRegions = (
				en,
				Base,
			);
			mainGroup = CCC3DE5720D780150046EA27;
			productRefGroup = CCC3DE6120D780150046EA27 /* Products */;
			projectDirPath = "";
			projectRoot = "";
			targets = (
				CCC3DE5F20D780150046EA27 /* 오토레이아웃 실습 */,
			);
		};
/* End PBXProject section */

/* Begin PBXResourcesBuildPhase section */
		CCC3DE5E20D780150046EA27 /* Resources */ = {
			isa = PBXResourcesBuildPhase;
			buildActionMask = 2147483647;
			files = (
				CCC3DE6E20D780160046EA27 /* LaunchScreen.storyboard in Resources */,
				CCC3DE6B20D780160046EA27 /* Assets.xcassets in Resources */,
				CCC3DE6920D780150046EA27 /* Main.storyboard in Resources */,
			);
			runOnlyForDeploymentPostprocessing = 0;
		};
/* End PBXResourcesBuildPhase section */

/* Begin PBXSourcesBuildPhase section */
		CCC3DE5C20D780150046EA27 /* Sources */ = {
			isa = PBXSourcesBuildPhase;
			buildActionMask = 2147483647;
			files = (
				CCC3DE6620D780150046EA27 /* ViewController.swift in Sources */,
				CCC3DE6420D780150046EA27 /* AppDelegate.swift in Sources */,
			);
			runOnlyForDeploymentPostprocessing = 0;
		};
/* End PBXSourcesBuildPhase section */

/* Begin PBXVariantGroup section */
		CCC3DE6720D780150046EA27 /* Main.storyboard */ = {
			isa = PBXVariantGroup;
			children = (
				CCC3DE6820D780150046EA27 /* Base */,
			);
			name = Main.storyboard;
			sourceTree = "<group>";
		};
		CCC3DE6C20D780160046EA27 /* LaunchScreen.storyboard */ = {
			isa = PBXVariantGroup;
			children = (
				CCC3DE6D20D780160046EA27 /* Base */,
			);
			name = LaunchScreen.storyboard;
			sourceTree = "<group>";
		};
/* End PBXVariantGroup section */

/* Begin XCBuildConfiguration section */
		CCC3DE7020D780160046EA27 /* Debug */ = {
			isa = XCBuildConfiguration;
			buildSettings = {
				ALWAYS_SEARCH_USER_PATHS = NO;
				CLANG_ANALYZER_NONNULL = YES;
				CLANG_ANALYZER_NUMBER_OBJECT_CONVERSION = YES_AGGRESSIVE;
				CLANG_CXX_LANGUAGE_STANDARD = "gnu++14";
				CLANG_CXX_LIBRARY = "libc++";
				CLANG_ENABLE_MODULES = YES;
				CLANG_ENABLE_OBJC_ARC = YES;
				CLANG_ENABLE_OBJC_WEAK = YES;
				CLANG_WARN_BLOCK_CAPTURE_AUTORELEASING = YES;
				CLANG_WARN_BOOL_CONVERSION = YES;
				CLANG_WARN_COMMA = YES;
				CLANG_WARN_CONSTANT_CONVERSION = YES;
				CLANG_WARN_DEPRECATED_OBJC_IMPLEMENTATIONS = YES;
				CLANG_WARN_DIRECT_OBJC_ISA_USAGE = YES_ERROR;
				CLANG_WARN_DOCUMENTATION_COMMENTS = YES;
				CLANG_WARN_EMPTY_BODY = YES;
				CLANG_WARN_ENUM_CONVERSION = YES;
				CLANG_WARN_INFINITE_RECURSION = YES;
				CLANG_WARN_INT_CONVERSION = YES;
				CLANG_WARN_NON_LITERAL_NULL_CONVERSION = YES;
				CLANG_WARN_OBJC_IMPLICIT_RETAIN_SELF = YES;
				CLANG_WARN_OBJC_LITERAL_CONVERSION = YES;
				CLANG_WARN_OBJC_ROOT_CLASS = YES_ERROR;
				CLANG_WARN_RANGE_LOOP_ANALYSIS = YES;
				CLANG_WARN_STRICT_PROTOTYPES = YES;
				CLANG_WARN_SUSPICIOUS_MOVE = YES;
				CLANG_WARN_UNGUARDED_AVAILABILITY = YES_AGGRESSIVE;
				CLANG_WARN_UNREACHABLE_CODE = YES;
				CLANG_WARN__DUPLICATE_METHOD_MATCH = YES;
				CODE_SIGN_IDENTITY = "iPhone Developer";
				COPY_PHASE_STRIP = NO;
				DEBUG_INFORMATION_FORMAT = dwarf;
				ENABLE_STRICT_OBJC_MSGSEND = YES;
				ENABLE_TESTABILITY = YES;
				GCC_C_LANGUAGE_STANDARD = gnu11;
				GCC_DYNAMIC_NO_PIC = NO;
				GCC_NO_COMMON_BLOCKS = YES;
				GCC_OPTIMIZATION_LEVEL = 0;
				GCC_PREPROCESSOR_DEFINITIONS = (
					"DEBUG=1",
					"$(inherited)",
				);
				GCC_WARN_64_TO_32_BIT_CONVERSION = YES;
				GCC_WARN_ABOUT_RETURN_TYPE = YES_ERROR;
				GCC_WARN_UNDECLARED_SELECTOR = YES;
				GCC_WARN_UNINITIALIZED_AUTOS = YES_AGGRESSIVE;
				GCC_WARN_UNUSED_FUNCTION = YES;
				GCC_WARN_UNUSED_VARIABLE = YES;
				IPHONEOS_DEPLOYMENT_TARGET = 12.0;
				MTL_ENABLE_DEBUG_INFO = INCLUDE_SOURCE;
				ONLY_ACTIVE_ARCH = YES;
				SDKROOT = iphoneos;
				SWIFT_ACTIVE_COMPILATION_CONDITIONS = DEBUG;
				SWIFT_OPTIMIZATION_LEVEL = "-Onone";
			};
			name = Debug;
		};
		CCC3DE7120D780160046EA27 /* Release */ = {
			isa = XCBuildConfiguration;
			buildSettings = {
				ALWAYS_SEARCH_USER_PATHS = NO;
				CLANG_ANALYZER_NONNULL = YES;
				CLANG_ANALYZER_NUMBER_OBJECT_CONVERSION = YES_AGGRESSIVE;
				CLANG_CXX_LANGUAGE_STANDARD = "gnu++14";
				CLANG_CXX_LIBRARY = "libc++";
				CLANG_ENABLE_MODULES = YES;
				CLANG_ENABLE_OBJC_ARC = YES;
				CLANG_ENABLE_OBJC_WEAK = YES;
				CLANG_WARN_BLOCK_CAPTURE_AUTORELEASING = YES;
				CLANG_WARN_BOOL_CONVERSION = YES;
				CLANG_WARN_COMMA = YES;
				CLANG_WARN_CONSTANT_CONVERSION = YES;
				CLANG_WARN_DEPRECATED_OBJC_IMPLEMENTATIONS = YES;
				CLANG_WARN_DIRECT_OBJC_ISA_USAGE = YES_ERROR;
				CLANG_WARN_DOCUMENTATION_COMMENTS = YES;
				CLANG_WARN_EMPTY_BODY = YES;
				CLANG_WARN_ENUM_CONVERSION = YES;
				CLANG_WARN_INFINITE_RECURSION = YES;
				CLANG_WARN_INT_CONVERSION = YES;
				CLANG_WARN_NON_LITERAL_NULL_CONVERSION = YES;
				CLANG_WARN_OBJC_IMPLICIT_RETAIN_SELF = YES;
				CLANG_WARN_OBJC_LITERAL_CONVERSION = YES;
				CLANG_WARN_OBJC_ROOT_CLASS = YES_ERROR;
				CLANG_WARN_RANGE_LOOP_ANALYSIS = YES;
				CLANG_WARN_STRICT_PROTOTYPES = YES;
				CLANG_WARN_SUSPICIOUS_MOVE = YES;
				CLANG_WARN_UNGUARDED_AVAILABILITY = YES_AGGRESSIVE;
				CLANG_WARN_UNREACHABLE_CODE = YES;
				CLANG_WARN__DUPLICATE_METHOD_MATCH = YES;
				CODE_SIGN_IDENTITY = "iPhone Developer";
				COPY_PHASE_STRIP = NO;
				DEBUG_INFORMATION_FORMAT = "dwarf-with-dsym";
				ENABLE_NS_ASSERTIONS = NO;
				ENABLE_STRICT_OBJC_MSGSEND = YES;
				GCC_C_LANGUAGE_STANDARD = gnu11;
				GCC_NO_COMMON_BLOCKS = YES;
				GCC_WARN_64_TO_32_BIT_CONVERSION = YES;
				GCC_WARN_ABOUT_RETURN_TYPE = YES_ERROR;
				GCC_WARN_UNDECLARED_SELECTOR = YES;
				GCC_WARN_UNINITIALIZED_AUTOS = YES_AGGRESSIVE;
				GCC_WARN_UNUSED_FUNCTION = YES;
				GCC_WARN_UNUSED_VARIABLE = YES;
				IPHONEOS_DEPLOYMENT_TARGET = 12.0;
				MTL_ENABLE_DEBUG_INFO = NO;
				SDKROOT = iphoneos;
				SWIFT_COMPILATION_MODE = wholemodule;
				SWIFT_OPTIMIZATION_LEVEL = "-O";
				VALIDATE_PRODUCT = YES;
			};
			name = Release;
		};
		CCC3DE7320D780160046EA27 /* Debug */ = {
			isa = XCBuildConfiguration;
			buildSettings = {
				ASSETCATALOG_COMPILER_APPICON_NAME = AppIcon;
				CODE_SIGN_STYLE = Automatic;
				DEVELOPMENT_TEAM = 5Z8G42AVKD;
				INFOPLIST_FILE = "오토레이아웃 실습/Info.plist";
				LD_RUNPATH_SEARCH_PATHS = (
					"$(inherited)",
					"@executable_path/Frameworks",
				);
				PRODUCT_BUNDLE_IDENTIFIER = "kr.kimminung.--------------------";
				PRODUCT_NAME = "$(TARGET_NAME)";
				SWIFT_VERSION = 4.2;
				TARGETED_DEVICE_FAMILY = "1,2";
			};
			name = Debug;
		};
		CCC3DE7420D780160046EA27 /* Release */ = {
			isa = XCBuildConfiguration;
			buildSettings = {
				ASSETCATALOG_COMPILER_APPICON_NAME = AppIcon;
				CODE_SIGN_STYLE = Automatic;
				DEVELOPMENT_TEAM = 5Z8G42AVKD;
				INFOPLIST_FILE = "오토레이아웃 실습/Info.plist";
				LD_RUNPATH_SEARCH_PATHS = (
					"$(inherited)",
					"@executable_path/Frameworks",
				);
				PRODUCT_BUNDLE_IDENTIFIER = "kr.kimminung.--------------------";
				PRODUCT_NAME = "$(TARGET_NAME)";
				SWIFT_VERSION = 4.2;
				TARGETED_DEVICE_FAMILY = "1,2";
			};
			name = Release;
		};
/* End XCBuildConfiguration section */

/* Begin XCConfigurationList section */
		CCC3DE5B20D780150046EA27 /* Build configuration list for PBXProject "오토레이아웃 실습" */ = {
			isa = XCConfigurationList;
			buildConfigurations = (
				CCC3DE7020D780160046EA27 /* Debug */,
				CCC3DE7120D780160046EA27 /* Release */,
			);
			defaultConfigurationIsVisible = 0;
			defaultConfigurationName = Release;
		};
		CCC3DE7220D780160046EA27 /* Build configuration list for PBXNativeTarget "오토레이아웃 실습" */ = {
			isa = XCConfigurationList;
			buildConfigurations = (
				CCC3DE7320D780160046EA27 /* Debug */,
				CCC3DE7420D780160046EA27 /* Release */,
			);
			defaultConfigurationIsVisible = 0;
			defaultConfigurationName = Release;
		};
/* End XCConfigurationList section */
	};
	rootObject = CCC3DE5820D780150046EA27 /* Project object */;
}
