// !$*UTF8*$!
{
	archiveVersion = 1;
	classes = {
	};
	objectVersion = 50;
	objects = {

/* Begin PBXBuildFile section */
		52CD07B220DA2AE3001F925B /* AppDelegate.swift in Sources */ = {isa = PBXBuildFile; fileRef = 52CD07B120DA2AE3001F925B /* AppDelegate.swift */; };
		52CD07B420DA2AE3001F925B /* ViewController.swift in Sources */ = {isa = PBXBuildFile; fileRef = 52CD07B320DA2AE3001F925B /* ViewController.swift */; };
		52CD07B720DA2AE3001F925B /* Main.storyboard in Resources */ = {isa = PBXBuildFile; fileRef = 52CD07B520DA2AE3001F925B /* Main.storyboard */; };
		52CD07B920DA2AE5001F925B /* Assets.xcassets in Resources */ = {isa = PBXBuildFile; fileRef = 52CD07B820DA2AE5001F925B /* Assets.xcassets */; };
		52CD07BC20DA2AE5001F925B /* LaunchScreen.storyboard in Resources */ = {isa = PBXBuildFile; fileRef = 52CD07BA20DA2AE5001F925B /* LaunchScreen.storyboard */; };
		52CD07C420DA2CAF001F925B /* CustomCell.swift in Sources */ = {isa = PBXBuildFile; fileRef = 52CD07C320DA2CAF001F925B /* CustomCell.swift */; };
/* End PBXBuildFile section */

/* Begin PBXFileReference section */
		52CD07AE20DA2AE3001F925B /* TableViewCellLifeCycle.app */ = {isa = PBXFileReference; explicitFileType = wrapper.application; includeInIndex = 0; path = TableViewCellLifeCycle.app; sourceTree = BUILT_PRODUCTS_DIR; };
		52CD07B120DA2AE3001F925B /* AppDelegate.swift */ = {isa = PBXFileReference; lastKnownFileType = sourcecode.swift; path = AppDelegate.swift; sourceTree = "<group>"; };
		52CD07B320DA2AE3001F925B /* ViewController.swift */ = {isa = PBXFileReference; lastKnownFileType = sourcecode.swift; path = ViewController.swift; sourceTree = "<group>"; };
		52CD07B620DA2AE3001F925B /* Base */ = {isa = PBXFileReference; lastKnownFileType = file.storyboard; name = Base; path = Base.lproj/Main.storyboard; sourceTree = "<group>"; };
		52CD07B820DA2AE5001F925B /* Assets.xcassets */ = {isa = PBXFileReference; lastKnownFileType = folder.assetcatalog; path = Assets.xcassets; sourceTree = "<group>"; };
		52CD07BB20DA2AE5001F925B /* Base */ = {isa = PBXFileReference; lastKnownFileType = file.storyboard; name = Base; path = Base.lproj/LaunchScreen.storyboard; sourceTree = "<group>"; };
		52CD07BD20DA2AE5001F925B /* Info.plist */ = {isa = PBXFileReference; lastKnownFileType = text.plist.xml; path = Info.plist; sourceTree = "<group>"; };
		52CD07C320DA2CAF001F925B /* CustomCell.swift */ = {isa = PBXFileReference; lastKnownFileType = sourcecode.swift; path = CustomCell.swift; sourceTree = "<group>"; };
/* End PBXFileReference section */

/* Begin PBXFrameworksBuildPhase section */
		52CD07AB20DA2AE3001F925B /* Frameworks */ = {
			isa = PBXFrameworksBuildPhase;
			buildActionMask = 2147483647;
			files = (
			);
			runOnlyForDeploymentPostprocessing = 0;
		};
/* End PBXFrameworksBuildPhase section */

/* Begin PBXGroup section */
		52CD07A520DA2AE3001F925B = {
			isa = PBXGroup;
			children = (
				52CD07B020DA2AE3001F925B /* TableViewCellLifeCycle */,
				52CD07AF20DA2AE3001F925B /* Products */,
			);
			sourceTree = "<group>";
		};
		52CD07AF20DA2AE3001F925B /* Products */ = {
			isa = PBXGroup;
			children = (
				52CD07AE20DA2AE3001F925B /* TableViewCellLifeCycle.app */,
			);
			name = Products;
			sourceTree = "<group>";
		};
		52CD07B020DA2AE3001F925B /* TableViewCellLifeCycle */ = {
			isa = PBXGroup;
			children = (
				52CD07B120DA2AE3001F925B /* AppDelegate.swift */,
				52CD07B320DA2AE3001F925B /* ViewController.swift */,
				52CD07C320DA2CAF001F925B /* CustomCell.swift */,
				52CD07B520DA2AE3001F925B /* Main.storyboard */,
				52CD07B820DA2AE5001F925B /* Assets.xcassets */,
				52CD07BA20DA2AE5001F925B /* LaunchScreen.storyboard */,
				52CD07BD20DA2AE5001F925B /* Info.plist */,
			);
			path = TableViewCellLifeCycle;
			sourceTree = "<group>";
		};
/* End PBXGroup section */

/* Begin PBXNativeTarget section */
		52CD07AD20DA2AE3001F925B /* TableViewCellLifeCycle */ = {
			isa = PBXNativeTarget;
			buildConfigurationList = 52CD07C020DA2AE5001F925B /* Build configuration list for PBXNativeTarget "TableViewCellLifeCycle" */;
			buildPhases = (
				52CD07AA20DA2AE3001F925B /* Sources */,
				52CD07AB20DA2AE3001F925B /* Frameworks */,
				52CD07AC20DA2AE3001F925B /* Resources */,
			);
			buildRules = (
			);
			dependencies = (
			);
			name = TableViewCellLifeCycle;
			productName = TableViewCellLifeCycle;
			productReference = 52CD07AE20DA2AE3001F925B /* TableViewCellLifeCycle.app */;
			productType = "com.apple.product-type.application";
		};
/* End PBXNativeTarget section */

/* Begin PBXProject section */
		52CD07A620DA2AE3001F925B /* Project object */ = {
			isa = PBXProject;
			attributes = {
				LastSwiftUpdateCheck = 0940;
				LastUpgradeCheck = 0940;
				ORGANIZATIONNAME = giftbot;
				TargetAttributes = {
					52CD07AD20DA2AE3001F925B = {
						CreatedOnToolsVersion = 9.4;
					};
				};
			};
			buildConfigurationList = 52CD07A920DA2AE3001F925B /* Build configuration list for PBXProject "TableViewCellLifeCycle" */;
			compatibilityVersion = "Xcode 9.3";
			developmentRegion = en;
			hasScannedForEncodings = 0;
			knownRegions = (
				en,
				Base,
			);
			mainGroup = 52CD07A520DA2AE3001F925B;
			productRefGroup = 52CD07AF20DA2AE3001F925B /* Products */;
			projectDirPath = "";
			projectRoot = "";
			targets = (
				52CD07AD20DA2AE3001F925B /* TableViewCellLifeCycle */,
			);
		};
/* End PBXProject section */

/* Begin PBXResourcesBuildPhase section */
		52CD07AC20DA2AE3001F925B /* Resources */ = {
			isa = PBXResourcesBuildPhase;
			buildActionMask = 2147483647;
			files = (
				52CD07BC20DA2AE5001F925B /* LaunchScreen.storyboard in Resources */,
				52CD07B920DA2AE5001F925B /* Assets.xcassets in Resources */,
				52CD07B720DA2AE3001F925B /* Main.storyboard in Resources */,
			);
			runOnlyForDeploymentPostprocessing = 0;
		};
/* End PBXResourcesBuildPhase section */

/* Begin PBXSourcesBuildPhase section */
		52CD07AA20DA2AE3001F925B /* Sources */ = {
			isa = PBXSourcesBuildPhase;
			buildActionMask = 2147483647;
			files = (
				52CD07B420DA2AE3001F925B /* ViewController.swift in Sources */,
				52CD07C420DA2CAF001F925B /* CustomCell.swift in Sources */,
				52CD07B220DA2AE3001F925B /* AppDelegate.swift in Sources */,
			);
			runOnlyForDeploymentPostprocessing = 0;
		};
/* End PBXSourcesBuildPhase section */

/* Begin PBXVariantGroup section */
		52CD07B520DA2AE3001F925B /* Main.storyboard */ = {
			isa = PBXVariantGroup;
			children = (
				52CD07B620DA2AE3001F925B /* Base */,
			);
			name = Main.storyboard;
			sourceTree = "<group>";
		};
		52CD07BA20DA2AE5001F925B /* LaunchScreen.storyboard */ = {
			isa = PBXVariantGroup;
			children = (
				52CD07BB20DA2AE5001F925B /* Base */,
			);
			name = LaunchScreen.storyboard;
			sourceTree = "<group>";
		};
/* End PBXVariantGroup section */

/* Begin XCBuildConfiguration section */
		52CD07BE20DA2AE5001F925B /* Debug */ = {
			isa = XCBuildConfiguration;
			buildSettings = {
				ALWAYS_SEARCH_USER_PATHS = NO;
				CLANG_ANALYZER_NONNULL = YES;
				CLANG_ANALYZER_NUMBER_OBJECT_CONVERSION = YES_AGGRESSIVE;
				CLANG_CXX_LANGUAGE_STANDARD = "gnu++14";
				CLANG_CXX_LIBRARY = "libc++";
				CLANG_ENABLE_MODULES = YES;
				CLANG_ENABLE_OBJC_ARC = YES;
				CLANG_ENABLE_OBJC_WEAK = YES;
				CLANG_WARN_BLOCK_CAPTURE_AUTORELEASING = YES;
				CLANG_WARN_BOOL_CONVERSION = YES;
				CLANG_WARN_COMMA = YES;
				CLANG_WARN_CONSTANT_CONVERSION = YES;
				CLANG_WARN_DEPRECATED_OBJC_IMPLEMENTATIONS = YES;
				CLANG_WARN_DIRECT_OBJC_ISA_USAGE = YES_ERROR;
				CLANG_WARN_DOCUMENTATION_COMMENTS = YES;
				CLANG_WARN_EMPTY_BODY = YES;
				CLANG_WARN_ENUM_CONVERSION = YES;
				CLANG_WARN_INFINITE_RECURSION = YES;
				CLANG_WARN_INT_CONVERSION = YES;
				CLANG_WARN_NON_LITERAL_NULL_CONVERSION = YES;
				CLANG_WARN_OBJC_IMPLICIT_RETAIN_SELF = YES;
				CLANG_WARN_OBJC_LITERAL_CONVERSION = YES;
				CLANG_WARN_OBJC_ROOT_CLASS = YES_ERROR;
				CLANG_WARN_RANGE_LOOP_ANALYSIS = YES;
				CLANG_WARN_STRICT_PROTOTYPES = YES;
				CLANG_WARN_SUSPICIOUS_MOVE = YES;
				CLANG_WARN_UNGUARDED_AVAILABILITY = YES_AGGRESSIVE;
				CLANG_WARN_UNREACHABLE_CODE = YES;
				CLANG_WARN__DUPLICATE_METHOD_MATCH = YES;
				CODE_SIGN_IDENTITY = "iPhone Developer";
				COPY_PHASE_STRIP = NO;
				DEBUG_INFORMATION_FORMAT = dwarf;
				ENABLE_STRICT_OBJC_MSGSEND = YES;
				ENABLE_TESTABILITY = YES;
				GCC_C_LANGUAGE_STANDARD = gnu11;
				GCC_DYNAMIC_NO_PIC = NO;
				GCC_NO_COMMON_BLOCKS = YES;
				GCC_OPTIMIZATION_LEVEL = 0;
				GCC_PREPROCESSOR_DEFINITIONS = (
					"DEBUG=1",
					"$(inherited)",
				);
				GCC_WARN_64_TO_32_BIT_CONVERSION = YES;
				GCC_WARN_ABOUT_RETURN_TYPE = YES_ERROR;
				GCC_WARN_UNDECLARED_SELECTOR = YES;
				GCC_WARN_UNINITIALIZED_AUTOS = YES_AGGRESSIVE;
				GCC_WARN_UNUSED_FUNCTION = YES;
				GCC_WARN_UNUSED_VARIABLE = YES;
				IPHONEOS_DEPLOYMENT_TARGET = 11.4;
				MTL_ENABLE_DEBUG_INFO = YES;
				ONLY_ACTIVE_ARCH = YES;
				SDKROOT = iphoneos;
				SWIFT_ACTIVE_COMPILATION_CONDITIONS = DEBUG;
				SWIFT_OPTIMIZATION_LEVEL = "-Onone";
			};
			name = Debug;
		};
		52CD07BF20DA2AE5001F925B /* Release */ = {
			isa = XCBuildConfiguration;
			buildSettings = {
				ALWAYS_SEARCH_USER_PATHS = NO;
				CLANG_ANALYZER_NONNULL = YES;
				CLANG_ANALYZER_NUMBER_OBJECT_CONVERSION = YES_AGGRESSIVE;
				CLANG_CXX_LANGUAGE_STANDARD = "gnu++14";
				CLANG_CXX_LIBRARY = "libc++";
				CLANG_ENABLE_MODULES = YES;
				CLANG_ENABLE_OBJC_ARC = YES;
				CLANG_ENABLE_OBJC_WEAK = YES;
				CLANG_WARN_BLOCK_CAPTURE_AUTORELEASING = YES;
				CLANG_WARN_BOOL_CONVERSION = YES;
				CLANG_WARN_COMMA = YES;
				CLANG_WARN_CONSTANT_CONVERSION = YES;
				CLANG_WARN_DEPRECATED_OBJC_IMPLEMENTATIONS = YES;
				CLANG_WARN_DIRECT_OBJC_ISA_USAGE = YES_ERROR;
				CLANG_WARN_DOCUMENTATION_COMMENTS = YES;
				CLANG_WARN_EMPTY_BODY = YES;
				CLANG_WARN_ENUM_CONVERSION = YES;
				CLANG_WARN_INFINITE_RECURSION = YES;
				CLANG_WARN_INT_CONVERSION = YES;
				CLANG_WARN_NON_LITERAL_NULL_CONVERSION = YES;
				CLANG_WARN_OBJC_IMPLICIT_RETAIN_SELF = YES;
				CLANG_WARN_OBJC_LITERAL_CONVERSION = YES;
				CLANG_WARN_OBJC_ROOT_CLASS = YES_ERROR;
				CLANG_WARN_RANGE_LOOP_ANALYSIS = YES;
				CLANG_WARN_STRICT_PROTOTYPES = YES;
				CLANG_WARN_SUSPICIOUS_MOVE = YES;
				CLANG_WARN_UNGUARDED_AVAILABILITY = YES_AGGRESSIVE;
				CLANG_WARN_UNREACHABLE_CODE = YES;
				CLANG_WARN__DUPLICATE_METHOD_MATCH = YES;
				CODE_SIGN_IDENTITY = "iPhone Developer";
				COPY_PHASE_STRIP = NO;
				DEBUG_INFORMATION_FORMAT = "dwarf-with-dsym";
				ENABLE_NS_ASSERTIONS = NO;
				ENABLE_STRICT_OBJC_MSGSEND = YES;
				GCC_C_LANGUAGE_STANDARD = gnu11;
				GCC_NO_COMMON_BLOCKS = YES;
				GCC_WARN_64_TO_32_BIT_CONVERSION = YES;
				GCC_WARN_ABOUT_RETURN_TYPE = YES_ERROR;
				GCC_WARN_UNDECLARED_SELECTOR = YES;
				GCC_WARN_UNINITIALIZED_AUTOS = YES_AGGRESSIVE;
				GCC_WARN_UNUSED_FUNCTION = YES;
				GCC_WARN_UNUSED_VARIABLE = YES;
				IPHONEOS_DEPLOYMENT_TARGET = 11.4;
				MTL_ENABLE_DEBUG_INFO = NO;
				SDKROOT = iphoneos;
				SWIFT_COMPILATION_MODE = wholemodule;
				SWIFT_OPTIMIZATION_LEVEL = "-O";
				VALIDATE_PRODUCT = YES;
			};
			name = Release;
		};
		52CD07C120DA2AE5001F925B /* Debug */ = {
			isa = XCBuildConfiguration;
			buildSettings = {
				ASSETCATALOG_COMPILER_APPICON_NAME = AppIcon;
				CODE_SIGN_STYLE = Automatic;
				INFOPLIST_FILE = TableViewCellLifeCycle/Info.plist;
				LD_RUNPATH_SEARCH_PATHS = (
					"$(inherited)",
					"@executable_path/Frameworks",
				);
				PRODUCT_BUNDLE_IDENTIFIER = kr.giftbot.example.TableViewCellLifeCycle;
				PRODUCT_NAME = "$(TARGET_NAME)";
				SWIFT_VERSION = 4.0;
				TARGETED_DEVICE_FAMILY = "1,2";
			};
			name = Debug;
		};
		52CD07C220DA2AE5001F925B /* Release */ = {
			isa = XCBuildConfiguration;
			buildSettings = {
				ASSETCATALOG_COMPILER_APPICON_NAME = AppIcon;
				CODE_SIGN_STYLE = Automatic;
				INFOPLIST_FILE = TableViewCellLifeCycle/Info.plist;
				LD_RUNPATH_SEARCH_PATHS = (
					"$(inherited)",
					"@executable_path/Frameworks",
				);
				PRODUCT_BUNDLE_IDENTIFIER = kr.giftbot.example.TableViewCellLifeCycle;
				PRODUCT_NAME = "$(TARGET_NAME)";
				SWIFT_VERSION = 4.0;
				TARGETED_DEVICE_FAMILY = "1,2";
			};
			name = Release;
		};
/* End XCBuildConfiguration section */

/* Begin XCConfigurationList section */
		52CD07A920DA2AE3001F925B /* Build configuration list for PBXProject "TableViewCellLifeCycle" */ = {
			isa = XCConfigurationList;
			buildConfigurations = (
				52CD07BE20DA2AE5001F925B /* Debug */,
				52CD07BF20DA2AE5001F925B /* Release */,
			);
			defaultConfigurationIsVisible = 0;
			defaultConfigurationName = Release;
		};
		52CD07C020DA2AE5001F925B /* Build configuration list for PBXNativeTarget "TableViewCellLifeCycle" */ = {
			isa = XCConfigurationList;
			buildConfigurations = (
				52CD07C120DA2AE5001F925B /* Debug */,
				52CD07C220DA2AE5001F925B /* Release */,
			);
			defaultConfigurationIsVisible = 0;
			defaultConfigurationName = Release;
		};
/* End XCConfigurationList section */
	};
	rootObject = 52CD07A620DA2AE3001F925B /* Project object */;
}
